// !$*UTF8*$!
{
	archiveVersion = 1;
	classes = {
	};
	objectVersion = 46;
	objects = {

/* Begin PBXBuildFile section */
		C93C56851C3D076400599C00 /* main.m in Sources */ = {isa = PBXBuildFile; fileRef = C93C56841C3D076400599C00 /* main.m */; };
		C93C56881C3D076400599C00 /* AppDelegate.m in Sources */ = {isa = PBXBuildFile; fileRef = C93C56871C3D076400599C00 /* AppDelegate.m */; };
		C93C568B1C3D076400599C00 /* ViewController.m in Sources */ = {isa = PBXBuildFile; fileRef = C93C568A1C3D076400599C00 /* ViewController.m */; };
		C93C568E1C3D076400599C00 /* Main.storyboard in Resources */ = {isa = PBXBuildFile; fileRef = C93C568C1C3D076400599C00 /* Main.storyboard */; };
		C93C56901C3D076400599C00 /* Assets.xcassets in Resources */ = {isa = PBXBuildFile; fileRef = C93C568F1C3D076400599C00 /* Assets.xcassets */; };
		C93C56931C3D076400599C00 /* LaunchScreen.storyboard in Resources */ = {isa = PBXBuildFile; fileRef = C93C56911C3D076400599C00 /* LaunchScreen.storyboard */; };
		C93C569E1C3D076400599C00 /* WSPNewsTests.m in Sources */ = {isa = PBXBuildFile; fileRef = C93C569D1C3D076400599C00 /* WSPNewsTests.m */; };
		C93C56A91C3D076400599C00 /* WSPNewsUITests.m in Sources */ = {isa = PBXBuildFile; fileRef = C93C56A81C3D076400599C00 /* WSPNewsUITests.m */; };
/* End PBXBuildFile section */

/* Begin PBXContainerItemProxy section */
		C93C569A1C3D076400599C00 /* PBXContainerItemProxy */ = {
			isa = PBXContainerItemProxy;
			containerPortal = C93C56781C3D076400599C00 /* Project object */;
			proxyType = 1;
			remoteGlobalIDString = C93C567F1C3D076400599C00;
			remoteInfo = WSPNews;
		};
		C93C56A51C3D076400599C00 /* PBXContainerItemProxy */ = {
			isa = PBXContainerItemProxy;
			containerPortal = C93C56781C3D076400599C00 /* Project object */;
			proxyType = 1;
			remoteGlobalIDString = C93C567F1C3D076400599C00;
			remoteInfo = WSPNews;
		};
/* End PBXContainerItemProxy section */

/* Begin PBXFileReference section */
		C93C56801C3D076400599C00 /* WSPNews.app */ = {isa = PBXFileReference; explicitFileType = wrapper.application; includeInIndex = 0; path = WSPNews.app; sourceTree = BUILT_PRODUCTS_DIR; };
		C93C56841C3D076400599C00 /* main.m */ = {isa = PBXFileReference; lastKnownFileType = sourcecode.c.objc; path = main.m; sourceTree = "<group>"; };
		C93C56861C3D076400599C00 /* AppDelegate.h */ = {isa = PBXFileReference; lastKnownFileType = sourcecode.c.h; path = AppDelegate.h; sourceTree = "<group>"; };
		C93C56871C3D076400599C00 /* AppDelegate.m */ = {isa = PBXFileReference; lastKnownFileType = sourcecode.c.objc; path = AppDelegate.m; sourceTree = "<group>"; };
		C93C56891C3D076400599C00 /* ViewController.h */ = {isa = PBXFileReference; lastKnownFileType = sourcecode.c.h; path = ViewController.h; sourceTree = "<group>"; };
		C93C568A1C3D076400599C00 /* ViewController.m */ = {isa = PBXFileReference; lastKnownFileType = sourcecode.c.objc; path = ViewController.m; sourceTree = "<group>"; };
		C93C568D1C3D076400599C00 /* Base */ = {isa = PBXFileReference; lastKnownFileType = file.storyboard; name = Base; path = Base.lproj/Main.storyboard; sourceTree = "<group>"; };
		C93C568F1C3D076400599C00 /* Assets.xcassets */ = {isa = PBXFileReference; lastKnownFileType = folder.assetcatalog; path = Assets.xcassets; sourceTree = "<group>"; };
		C93C56921C3D076400599C00 /* Base */ = {isa = PBXFileReference; lastKnownFileType = file.storyboard; name = Base; path = Base.lproj/LaunchScreen.storyboard; sourceTree = "<group>"; };
		C93C56941C3D076400599C00 /* Info.plist */ = {isa = PBXFileReference; lastKnownFileType = text.plist.xml; path = Info.plist; sourceTree = "<group>"; };
		C93C56991C3D076400599C00 /* WSPNewsTests.xctest */ = {isa = PBXFileReference; explicitFileType = wrapper.cfbundle; includeInIndex = 0; path = WSPNewsTests.xctest; sourceTree = BUILT_PRODUCTS_DIR; };
		C93C569D1C3D076400599C00 /* WSPNewsTests.m */ = {isa = PBXFileReference; lastKnownFileType = sourcecode.c.objc; path = WSPNewsTests.m; sourceTree = "<group>"; };
		C93C569F1C3D076400599C00 /* Info.plist */ = {isa = PBXFileReference; lastKnownFileType = text.plist.xml; path = Info.plist; sourceTree = "<group>"; };
		C93C56A41C3D076400599C00 /* WSPNewsUITests.xctest */ = {isa = PBXFileReference; explicitFileType = wrapper.cfbundle; includeInIndex = 0; path = WSPNewsUITests.xctest; sourceTree = BUILT_PRODUCTS_DIR; };
		C93C56A81C3D076400599C00 /* WSPNewsUITests.m */ = {isa = PBXFileReference; lastKnownFileType = sourcecode.c.objc; path = WSPNewsUITests.m; sourceTree = "<group>"; };
		C93C56AA1C3D076400599C00 /* Info.plist */ = {isa = PBXFileReference; lastKnownFileType = text.plist.xml; path = Info.plist; sourceTree = "<group>"; };
/* End PBXFileReference section */

/* Begin PBXFrameworksBuildPhase section */
		C93C567D1C3D076400599C00 /* Frameworks */ = {
			isa = PBXFrameworksBuildPhase;
			buildActionMask = 2147483647;
			files = (
			);
			runOnlyForDeploymentPostprocessing = 0;
		};
		C93C56961C3D076400599C00 /* Frameworks */ = {
			isa = PBXFrameworksBuildPhase;
			buildActionMask = 2147483647;
			files = (
			);
			runOnlyForDeploymentPostprocessing = 0;
		};
		C93C56A11C3D076400599C00 /* Frameworks */ = {
			isa = PBXFrameworksBuildPhase;
			buildActionMask = 2147483647;
			files = (
			);
			runOnlyForDeploymentPostprocessing = 0;
		};
/* End PBXFrameworksBuildPhase section */

/* Begin PBXGroup section */
		C93C56771C3D076400599C00 = {
			isa = PBXGroup;
			children = (
				C93C56821C3D076400599C00 /* WSPNews */,
				C93C569C1C3D076400599C00 /* WSPNewsTests */,
				C93C56A71C3D076400599C00 /* WSPNewsUITests */,
				C93C56811C3D076400599C00 /* Products */,
			);
			sourceTree = "<group>";
		};
		C93C56811C3D076400599C00 /* Products */ = {
			isa = PBXGroup;
			children = (
				C93C56801C3D076400599C00 /* WSPNews.app */,
				C93C56991C3D076400599C00 /* WSPNewsTests.xctest */,
				C93C56A41C3D076400599C00 /* WSPNewsUITests.xctest */,
			);
			name = Products;
			sourceTree = "<group>";
		};
		C93C56821C3D076400599C00 /* WSPNews */ = {
			isa = PBXGroup;
			children = (
				C93C56861C3D076400599C00 /* AppDelegate.h */,
				C93C56871C3D076400599C00 /* AppDelegate.m */,
				C93C56891C3D076400599C00 /* ViewController.h */,
				C93C568A1C3D076400599C00 /* ViewController.m */,
				C93C568C1C3D076400599C00 /* Main.storyboard */,
				C93C568F1C3D076400599C00 /* Assets.xcassets */,
				C93C56911C3D076400599C00 /* LaunchScreen.storyboard */,
				C93C56941C3D076400599C00 /* Info.plist */,
				C93C56831C3D076400599C00 /* Supporting Files */,
			);
			path = WSPNews;
			sourceTree = "<group>";
		};
		C93C56831C3D076400599C00 /* Supporting Files */ = {
			isa = PBXGroup;
			children = (
				C93C56841C3D076400599C00 /* main.m */,
			);
			name = "Supporting Files";
			sourceTree = "<group>";
		};
		C93C569C1C3D076400599C00 /* WSPNewsTests */ = {
			isa = PBXGroup;
			children = (
				C93C569D1C3D076400599C00 /* WSPNewsTests.m */,
				C93C569F1C3D076400599C00 /* Info.plist */,
			);
			path = WSPNewsTests;
			sourceTree = "<group>";
		};
		C93C56A71C3D076400599C00 /* WSPNewsUITests */ = {
			isa = PBXGroup;
			children = (
				C93C56A81C3D076400599C00 /* WSPNewsUITests.m */,
				C93C56AA1C3D076400599C00 /* Info.plist */,
			);
			path = WSPNewsUITests;
			sourceTree = "<group>";
		};
/* End PBXGroup section */

/* Begin PBXNativeTarget section */
		C93C567F1C3D076400599C00 /* WSPNews */ = {
			isa = PBXNativeTarget;
			buildConfigurationList = C93C56AD1C3D076400599C00 /* Build configuration list for PBXNativeTarget "WSPNews" */;
			buildPhases = (
				C93C567C1C3D076400599C00 /* Sources */,
				C93C567D1C3D076400599C00 /* Frameworks */,
				C93C567E1C3D076400599C00 /* Resources */,
			);
			buildRules = (
			);
			dependencies = (
			);
			name = WSPNews;
			productName = WSPNews;
			productReference = C93C56801C3D076400599C00 /* WSPNews.app */;
			productType = "com.apple.product-type.application";
		};
		C93C56981C3D076400599C00 /* WSPNewsTests */ = {
			isa = PBXNativeTarget;
			buildConfigurationList = C93C56B01C3D076400599C00 /* Build configuration list for PBXNativeTarget "WSPNewsTests" */;
			buildPhases = (
				C93C56951C3D076400599C00 /* Sources */,
				C93C56961C3D076400599C00 /* Frameworks */,
				C93C56971C3D076400599C00 /* Resources */,
			);
			buildRules = (
			);
			dependencies = (
				C93C569B1C3D076400599C00 /* PBXTargetDependency */,
			);
			name = WSPNewsTests;
			productName = WSPNewsTests;
			productReference = C93C56991C3D076400599C00 /* WSPNewsTests.xctest */;
			productType = "com.apple.product-type.bundle.unit-test";
		};
		C93C56A31C3D076400599C00 /* WSPNewsUITests */ = {
			isa = PBXNativeTarget;
			buildConfigurationList = C93C56B31C3D076400599C00 /* Build configuration list for PBXNativeTarget "WSPNewsUITests" */;
			buildPhases = (
				C93C56A01C3D076400599C00 /* Sources */,
				C93C56A11C3D076400599C00 /* Frameworks */,
				C93C56A21C3D076400599C00 /* Resources */,
			);
			buildRules = (
			);
			dependencies = (
				C93C56A61C3D076400599C00 /* PBXTargetDependency */,
			);
			name = WSPNewsUITests;
			productName = WSPNewsUITests;
			productReference = C93C56A41C3D076400599C00 /* WSPNewsUITests.xctest */;
			productType = "com.apple.product-type.bundle.ui-testing";
		};
/* End PBXNativeTarget section */

/* Begin PBXProject section */
		C93C56781C3D076400599C00 /* Project object */ = {
			isa = PBXProject;
			attributes = {
				LastUpgradeCheck = 0720;
				ORGANIZATIONNAME = auto;
				TargetAttributes = {
					C93C567F1C3D076400599C00 = {
						CreatedOnToolsVersion = 7.2;
					};
					C93C56981C3D076400599C00 = {
						CreatedOnToolsVersion = 7.2;
						TestTargetID = C93C567F1C3D076400599C00;
					};
					C93C56A31C3D076400599C00 = {
						CreatedOnToolsVersion = 7.2;
						TestTargetID = C93C567F1C3D076400599C00;
					};
				};
			};
			buildConfigurationList = C93C567B1C3D076400599C00 /* Build configuration list for PBXProject "WSPNews" */;
			compatibilityVersion = "Xcode 3.2";
			developmentRegion = English;
			hasScannedForEncodings = 0;
			knownRegions = (
				en,
				Base,
			);
			mainGroup = C93C56771C3D076400599C00;
			productRefGroup = C93C56811C3D076400599C00 /* Products */;
			projectDirPath = "";
			projectRoot = "";
			targets = (
				C93C567F1C3D076400599C00 /* WSPNews */,
				C93C56981C3D076400599C00 /* WSPNewsTests */,
				C93C56A31C3D076400599C00 /* WSPNewsUITests */,
			);
		};
/* End PBXProject section */

/* Begin PBXResourcesBuildPhase section */
		C93C567E1C3D076400599C00 /* Resources */ = {
			isa = PBXResourcesBuildPhase;
			buildActionMask = 2147483647;
			files = (
				C93C56931C3D076400599C00 /* LaunchScreen.storyboard in Resources */,
				C93C56901C3D076400599C00 /* Assets.xcassets in Resources */,
				C93C568E1C3D076400599C00 /* Main.storyboard in Resources */,
			);
			runOnlyForDeploymentPostprocessing = 0;
		};
		C93C56971C3D076400599C00 /* Resources */ = {
			isa = PBXResourcesBuildPhase;
			buildActionMask = 2147483647;
			files = (
			);
			runOnlyForDeploymentPostprocessing = 0;
		};
		C93C56A21C3D076400599C00 /* Resources */ = {
			isa = PBXResourcesBuildPhase;
			buildActionMask = 2147483647;
			files = (
			);
			runOnlyForDeploymentPostprocessing = 0;
		};
/* End PBXResourcesBuildPhase section */

/* Begin PBXSourcesBuildPhase section */
		C93C567C1C3D076400599C00 /* Sources */ = {
			isa = PBXSourcesBuildPhase;
			buildActionMask = 2147483647;
			files = (
				C93C568B1C3D076400599C00 /* ViewController.m in Sources */,
				C93C56881C3D076400599C00 /* AppDelegate.m in Sources */,
				C93C56851C3D076400599C00 /* main.m in Sources */,
			);
			runOnlyForDeploymentPostprocessing = 0;
		};
		C93C56951C3D076400599C00 /* Sources */ = {
			isa = PBXSourcesBuildPhase;
			buildActionMask = 2147483647;
			files = (
				C93C569E1C3D076400599C00 /* WSPNewsTests.m in Sources */,
			);
			runOnlyForDeploymentPostprocessing = 0;
		};
		C93C56A01C3D076400599C00 /* Sources */ = {
			isa = PBXSourcesBuildPhase;
			buildActionMask = 2147483647;
			files = (
				C93C56A91C3D076400599C00 /* WSPNewsUITests.m in Sources */,
			);
			runOnlyForDeploymentPostprocessing = 0;
		};
/* End PBXSourcesBuildPhase section */

/* Begin PBXTargetDependency section */
		C93C569B1C3D076400599C00 /* PBXTargetDependency */ = {
			isa = PBXTargetDependency;
			target = C93C567F1C3D076400599C00 /* WSPNews */;
			targetProxy = C93C569A1C3D076400599C00 /* PBXContainerItemProxy */;
		};
		C93C56A61C3D076400599C00 /* PBXTargetDependency */ = {
			isa = PBXTargetDependency;
			target = C93C567F1C3D076400599C00 /* WSPNews */;
			targetProxy = C93C56A51C3D076400599C00 /* PBXContainerItemProxy */;
		};
/* End PBXTargetDependency section */

/* Begin PBXVariantGroup section */
		C93C568C1C3D076400599C00 /* Main.storyboard */ = {
			isa = PBXVariantGroup;
			children = (
				C93C568D1C3D076400599C00 /* Base */,
			);
			name = Main.storyboard;
			sourceTree = "<group>";
		};
		C93C56911C3D076400599C00 /* LaunchScreen.storyboard */ = {
			isa = PBXVariantGroup;
			children = (
				C93C56921C3D076400599C00 /* Base */,
			);
			name = LaunchScreen.storyboard;
			sourceTree = "<group>";
		};
/* End PBXVariantGroup section */

/* Begin XCBuildConfiguration section */
		C93C56AB1C3D076400599C00 /* Debug */ = {
			isa = XCBuildConfiguration;
			buildSettings = {
				ALWAYS_SEARCH_USER_PATHS = NO;
				CLANG_CXX_LANGUAGE_STANDARD = "gnu++0x";
				CLANG_CXX_LIBRARY = "libc++";
				CLANG_ENABLE_MODULES = YES;
				CLANG_ENABLE_OBJC_ARC = YES;
				CLANG_WARN_BOOL_CONVERSION = YES;
				CLANG_WARN_CONSTANT_CONVERSION = YES;
				CLANG_WARN_DIRECT_OBJC_ISA_USAGE = YES_ERROR;
				CLANG_WARN_EMPTY_BODY = YES;
				CLANG_WARN_ENUM_CONVERSION = YES;
				CLANG_WARN_INT_CONVERSION = YES;
				CLANG_WARN_OBJC_ROOT_CLASS = YES_ERROR;
				CLANG_WARN_UNREACHABLE_CODE = YES;
				CLANG_WARN__DUPLICATE_METHOD_MATCH = YES;
				"CODE_SIGN_IDENTITY[sdk=iphoneos*]" = "iPhone Developer";
				COPY_PHASE_STRIP = NO;
				DEBUG_INFORMATION_FORMAT = dwarf;
				ENABLE_STRICT_OBJC_MSGSEND = YES;
				ENABLE_TESTABILITY = YES;
				GCC_C_LANGUAGE_STANDARD = gnu99;
				GCC_DYNAMIC_NO_PIC = NO;
				GCC_NO_COMMON_BLOCKS = YES;
				GCC_OPTIMIZATION_LEVEL = 0;
				GCC_PREPROCESSOR_DEFINITIONS = (
					"DEBUG=1",
					"$(inherited)",
				);
				GCC_WARN_64_TO_32_BIT_CONVERSION = YES;
				GCC_WARN_ABOUT_RETURN_TYPE = YES_ERROR;
				GCC_WARN_UNDECLARED_SELECTOR = YES;
				GCC_WARN_UNINITIALIZED_AUTOS = YES_AGGRESSIVE;
				GCC_WARN_UNUSED_FUNCTION = YES;
				GCC_WARN_UNUSED_VARIABLE = YES;
				IPHONEOS_DEPLOYMENT_TARGET = 9.2;
				MTL_ENABLE_DEBUG_INFO = YES;
				ONLY_ACTIVE_ARCH = YES;
				SDKROOT = iphoneos;
			};
			name = Debug;
		};
		C93C56AC1C3D076400599C00 /* Release */ = {
			isa = XCBuildConfiguration;
			buildSettings = {
				ALWAYS_SEARCH_USER_PATHS = NO;
				CLANG_CXX_LANGUAGE_STANDARD = "gnu++0x";
				CLANG_CXX_LIBRARY = "libc++";
				CLANG_ENABLE_MODULES = YES;
				CLANG_ENABLE_OBJC_ARC = YES;
				CLANG_WARN_BOOL_CONVERSION = YES;
				CLANG_WARN_CONSTANT_CONVERSION = YES;
				CLANG_WARN_DIRECT_OBJC_ISA_USAGE = YES_ERROR;
				CLANG_WARN_EMPTY_BODY = YES;
				CLANG_WARN_ENUM_CONVERSION = YES;
				CLANG_WARN_INT_CONVERSION = YES;
				CLANG_WARN_OBJC_ROOT_CLASS = YES_ERROR;
				CLANG_WARN_UNREACHABLE_CODE = YES;
				CLANG_WARN__DUPLICATE_METHOD_MATCH = YES;
				"CODE_SIGN_IDENTITY[sdk=iphoneos*]" = "iPhone Developer";
				COPY_PHASE_STRIP = NO;
				DEBUG_INFORMATION_FORMAT = "dwarf-with-dsym";
				ENABLE_NS_ASSERTIONS = NO;
				ENABLE_STRICT_OBJC_MSGSEND = YES;
				GCC_C_LANGUAGE_STANDARD = gnu99;
				GCC_NO_COMMON_BLOCKS = YES;
				GCC_WARN_64_TO_32_BIT_CONVERSION = YES;
				GCC_WARN_ABOUT_RETURN_TYPE = YES_ERROR;
				GCC_WARN_UNDECLARED_SELECTOR = YES;
				GCC_WARN_UNINITIALIZED_AUTOS = YES_AGGRESSIVE;
				GCC_WARN_UNUSED_FUNCTION = YES;
				GCC_WARN_UNUSED_VARIABLE = YES;
				IPHONEOS_DEPLOYMENT_TARGET = 9.2;
				MTL_ENABLE_DEBUG_INFO = NO;
				SDKROOT = iphoneos;
				VALIDATE_PRODUCT = YES;
			};
			name = Release;
		};
		C93C56AE1C3D076400599C00 /* Debug */ = {
			isa = XCBuildConfiguration;
			buildSettings = {
				ASSETCATALOG_COMPILER_APPICON_NAME = AppIcon;
				INFOPLIST_FILE = WSPNews/Info.plist;
				LD_RUNPATH_SEARCH_PATHS = "$(inherited) @executable_path/Frameworks";
				PRODUCT_BUNDLE_IDENTIFIER = com.ifeng.wspNews.WSPNews;
				PRODUCT_NAME = "$(TARGET_NAME)";
			};
			name = Debug;
		};
		C93C56AF1C3D076400599C00 /* Release */ = {
			isa = XCBuildConfiguration;
			buildSettings = {
				ASSETCATALOG_COMPILER_APPICON_NAME = AppIcon;
				INFOPLIST_FILE = WSPNews/Info.plist;
				LD_RUNPATH_SEARCH_PATHS = "$(inherited) @executable_path/Frameworks";
				PRODUCT_BUNDLE_IDENTIFIER = com.ifeng.wspNews.WSPNews;
				PRODUCT_NAME = "$(TARGET_NAME)";
			};
			name = Release;
		};
		C93C56B11C3D076400599C00 /* Debug */ = {
			isa = XCBuildConfiguration;
			buildSettings = {
				BUNDLE_LOADER = "$(TEST_HOST)";
				INFOPLIST_FILE = WSPNewsTests/Info.plist;
				LD_RUNPATH_SEARCH_PATHS = "$(inherited) @executable_path/Frameworks @loader_path/Frameworks";
				PRODUCT_BUNDLE_IDENTIFIER = com.ifeng.wspNews.WSPNewsTests;
				PRODUCT_NAME = "$(TARGET_NAME)";
				TEST_HOST = "$(BUILT_PRODUCTS_DIR)/WSPNews.app/WSPNews";
			};
			name = Debug;
		};
		C93C56B21C3D076400599C00 /* Release */ = {
			isa = XCBuildConfiguration;
			buildSettings = {
				BUNDLE_LOADER = "$(TEST_HOST)";
				INFOPLIST_FILE = WSPNewsTests/Info.plist;
				LD_RUNPATH_SEARCH_PATHS = "$(inherited) @executable_path/Frameworks @loader_path/Frameworks";
				PRODUCT_BUNDLE_IDENTIFIER = com.ifeng.wspNews.WSPNewsTests;
				PRODUCT_NAME = "$(TARGET_NAME)";
				TEST_HOST = "$(BUILT_PRODUCTS_DIR)/WSPNews.app/WSPNews";
			};
			name = Release;
		};
		C93C56B41C3D076400599C00 /* Debug */ = {
			isa = XCBuildConfiguration;
			buildSettings = {
				INFOPLIST_FILE = WSPNewsUITests/Info.plist;
				LD_RUNPATH_SEARCH_PATHS = "$(inherited) @executable_path/Frameworks @loader_path/Frameworks";
				PRODUCT_BUNDLE_IDENTIFIER = com.ifeng.wspNews.WSPNewsUITests;
				PRODUCT_NAME = "$(TARGET_NAME)";
				TEST_TARGET_NAME = WSPNews;
				USES_XCTRUNNER = YES;
			};
			name = Debug;
		};
		C93C56B51C3D076400599C00 /* Release */ = {
			isa = XCBuildConfiguration;
			buildSettings = {
				INFOPLIST_FILE = WSPNewsUITests/Info.plist;
				LD_RUNPATH_SEARCH_PATHS = "$(inherited) @executable_path/Frameworks @loader_path/Frameworks";
				PRODUCT_BUNDLE_IDENTIFIER = com.ifeng.wspNews.WSPNewsUITests;
				PRODUCT_NAME = "$(TARGET_NAME)";
				TEST_TARGET_NAME = WSPNews;
				USES_XCTRUNNER = YES;
			};
			name = Release;
		};
/* End XCBuildConfiguration section */

/* Begin XCConfigurationList section */
		C93C567B1C3D076400599C00 /* Build configuration list for PBXProject "WSPNews" */ = {
			isa = XCConfigurationList;
			buildConfigurations = (
				C93C56AB1C3D076400599C00 /* Debug */,
				C93C56AC1C3D076400599C00 /* Release */,
			);
			defaultConfigurationIsVisible = 0;
			defaultConfigurationName = Release;
		};
		C93C56AD1C3D076400599C00 /* Build configuration list for PBXNativeTarget "WSPNews" */ = {
			isa = XCConfigurationList;
			buildConfigurations = (
				C93C56AE1C3D076400599C00 /* Debug */,
				C93C56AF1C3D076400599C00 /* Release */,
			);
			defaultConfigurationIsVisible = 0;
		};
		C93C56B01C3D076400599C00 /* Build configuration list for PBXNativeTarget "WSPNewsTests" */ = {
			isa = XCConfigurationList;
			buildConfigurations = (
				C93C56B11C3D076400599C00 /* Debug */,
				C93C56B21C3D076400599C00 /* Release */,
			);
			defaultConfigurationIsVisible = 0;
		};
		C93C56B31C3D076400599C00 /* Build configuration list for PBXNativeTarget "WSPNewsUITests" */ = {
			isa = XCConfigurationList;
			buildConfigurations = (
				C93C56B41C3D076400599C00 /* Debug */,
				C93C56B51C3D076400599C00 /* Release */,
			);
			defaultConfigurationIsVisible = 0;
		};
/* End XCConfigurationList section */
	};
	rootObject = C93C56781C3D076400599C00 /* Project object */;
}
