// !$*UTF8*$!
{
	archiveVersion = 1;
	classes = {
	};
	objectVersion = 46;
	objects = {

/* Begin PBXBuildFile section */
		0C0AEC20FCE7DF31B8C6696E /* libPods-WSPNews.a in Frameworks */ = {isa = PBXBuildFile; fileRef = EAC249468A9095FCD06052D8 /* libPods-WSPNews.a */; };
		A16C0C341D51CA370087754C /* WSPNetWorkTool.m in Sources */ = {isa = PBXBuildFile; fileRef = A16C0C331D51CA370087754C /* WSPNetWorkTool.m */; };
		A1F5B6B31D0CF8DD00515151 /* .gitkeep in Resources */ = {isa = PBXBuildFile; fileRef = C9F56A4E1C8D2DF90009D557 /* .gitkeep */; };
		C93C56851C3D076400599C00 /* main.m in Sources */ = {isa = PBXBuildFile; fileRef = C93C56841C3D076400599C00 /* main.m */; };
		C93C56881C3D076400599C00 /* AppDelegate.m in Sources */ = {isa = PBXBuildFile; fileRef = C93C56871C3D076400599C00 /* AppDelegate.m */; };
		C93C568E1C3D076400599C00 /* Main.storyboard in Resources */ = {isa = PBXBuildFile; fileRef = C93C568C1C3D076400599C00 /* Main.storyboard */; };
		C93C56901C3D076400599C00 /* Assets.xcassets in Resources */ = {isa = PBXBuildFile; fileRef = C93C568F1C3D076400599C00 /* Assets.xcassets */; };
		C93C56931C3D076400599C00 /* LaunchScreen.storyboard in Resources */ = {isa = PBXBuildFile; fileRef = C93C56911C3D076400599C00 /* LaunchScreen.storyboard */; };
		C93C569E1C3D076400599C00 /* WSPNewsTests.m in Sources */ = {isa = PBXBuildFile; fileRef = C93C569D1C3D076400599C00 /* WSPNewsTests.m */; };
		C93C56A91C3D076400599C00 /* WSPNewsUITests.m in Sources */ = {isa = PBXBuildFile; fileRef = C93C56A81C3D076400599C00 /* WSPNewsUITests.m */; };
		C93C56C41C3D097000599C00 /* WSPBaseViewController.m in Sources */ = {isa = PBXBuildFile; fileRef = C93C56C31C3D097000599C00 /* WSPBaseViewController.m */; };
		C93C56C71C3D098900599C00 /* WSPHomeViewController.m in Sources */ = {isa = PBXBuildFile; fileRef = C93C56C61C3D098900599C00 /* WSPHomeViewController.m */; };
		C93C56CA1C3D0A6300599C00 /* WSPHomeModel.m in Sources */ = {isa = PBXBuildFile; fileRef = C93C56C91C3D0A6300599C00 /* WSPHomeModel.m */; };
		C93C56CD1C3D0A7100599C00 /* WSPHomeViewModel.m in Sources */ = {isa = PBXBuildFile; fileRef = C93C56CC1C3D0A7100599C00 /* WSPHomeViewModel.m */; };
		C93C56D01C3D0A8D00599C00 /* WSPHomeCell.m in Sources */ = {isa = PBXBuildFile; fileRef = C93C56CF1C3D0A8D00599C00 /* WSPHomeCell.m */; };
		C93C56E91C3D0E9700599C00 /* UIView+Frame.m in Sources */ = {isa = PBXBuildFile; fileRef = C93C56E11C3D0E9700599C00 /* UIView+Frame.m */; };
		C93C56EA1C3D0E9700599C00 /* YZDisplayTitleLabel.m in Sources */ = {isa = PBXBuildFile; fileRef = C93C56E31C3D0E9700599C00 /* YZDisplayTitleLabel.m */; };
		C93C56EB1C3D0E9700599C00 /* YZDisplayViewController.m in Sources */ = {isa = PBXBuildFile; fileRef = C93C56E51C3D0E9700599C00 /* YZDisplayViewController.m */; };
		C93C56EC1C3D0E9700599C00 /* YZFlowLayout.m in Sources */ = {isa = PBXBuildFile; fileRef = C93C56E81C3D0E9700599C00 /* YZFlowLayout.m */; };
		C93C56F21C3D14F800599C00 /* WSPConst.m in Sources */ = {isa = PBXBuildFile; fileRef = C93C56F11C3D14F800599C00 /* WSPConst.m */; };
		C93C56F51C3D16E300599C00 /* WSPUrlArgumentsFilter.m in Sources */ = {isa = PBXBuildFile; fileRef = C93C56F41C3D16E300599C00 /* WSPUrlArgumentsFilter.m */; };
		C93D01601C7D834E00FF4D08 /* WSPShareView.m in Sources */ = {isa = PBXBuildFile; fileRef = C93D015F1C7D834E00FF4D08 /* WSPShareView.m */; };
		C93D01651C7D84C000FF4D08 /* UIColor+expanded.m in Sources */ = {isa = PBXBuildFile; fileRef = C93D01621C7D84C000FF4D08 /* UIColor+expanded.m */; };
		C93D01661C7D84C000FF4D08 /* UIView+BlocksKit.m in Sources */ = {isa = PBXBuildFile; fileRef = C93D01641C7D84C000FF4D08 /* UIView+BlocksKit.m */; };
		C93D01691C7D854700FF4D08 /* UIGestureRecognizer+BlocksKit.m in Sources */ = {isa = PBXBuildFile; fileRef = C93D01681C7D854700FF4D08 /* UIGestureRecognizer+BlocksKit.m */; };
		C93F89781C8E93AD005C1CFB /* libstdc++.tbd in Frameworks */ = {isa = PBXBuildFile; fileRef = C93F89771C8E93AD005C1CFB /* libstdc++.tbd */; };
		C93F897A1C8E93C5005C1CFB /* libz.tbd in Frameworks */ = {isa = PBXBuildFile; fileRef = C93F89791C8E93C5005C1CFB /* libz.tbd */; };
		C93F89881C8ECDD2005C1CFB /* WSPPhoto.m in Sources */ = {isa = PBXBuildFile; fileRef = C93F897D1C8ECDD2005C1CFB /* WSPPhoto.m */; };
		C93F89891C8ECDD2005C1CFB /* WSPPhotoBrowerController.m in Sources */ = {isa = PBXBuildFile; fileRef = C93F897F1C8ECDD2005C1CFB /* WSPPhotoBrowerController.m */; };
		C93F898A1C8ECDD2005C1CFB /* WSPPhotoImageView.m in Sources */ = {isa = PBXBuildFile; fileRef = C93F89811C8ECDD2005C1CFB /* WSPPhotoImageView.m */; };
		C93F898B1C8ECDD2005C1CFB /* WSPPhotoView.m in Sources */ = {isa = PBXBuildFile; fileRef = C93F89841C8ECDD2005C1CFB /* WSPPhotoView.m */; };
		C93F898C1C8ECDD2005C1CFB /* WSPScrollView.m in Sources */ = {isa = PBXBuildFile; fileRef = C93F89861C8ECDD2005C1CFB /* WSPScrollView.m */; };
		C93F898F1C8ECDFF005C1CFB /* WSPThemeManger.m in Sources */ = {isa = PBXBuildFile; fileRef = C93F898E1C8ECDFF005C1CFB /* WSPThemeManger.m */; };
		C9414B911C5854940091A6C7 /* WSPMainTabBarController.m in Sources */ = {isa = PBXBuildFile; fileRef = C9414B901C5854940091A6C7 /* WSPMainTabBarController.m */; };
		C9414B941C5855700091A6C7 /* WSPNavgationController.m in Sources */ = {isa = PBXBuildFile; fileRef = C9414B931C5855700091A6C7 /* WSPNavgationController.m */; };
		C9414B961C5859CE0091A6C7 /* NewsUrl.plist in Resources */ = {isa = PBXBuildFile; fileRef = C9414B951C5859CE0091A6C7 /* NewsUrl.plist */; };
		C9414B981C585C280091A6C7 /* WSPNews.storyboard in Resources */ = {isa = PBXBuildFile; fileRef = C9414B971C585C280091A6C7 /* WSPNews.storyboard */; };
		C9414B9B1C585C850091A6C7 /* WSPTableViewController.m in Sources */ = {isa = PBXBuildFile; fileRef = C9414B9A1C585C850091A6C7 /* WSPTableViewController.m */; };
		C9414B9E1C585D420091A6C7 /* WSPTitleShowLabel.m in Sources */ = {isa = PBXBuildFile; fileRef = C9414B9D1C585D420091A6C7 /* WSPTitleShowLabel.m */; };
		C9464BC91C61905C00ACBC4F /* WSPNewsDetailViewController.m in Sources */ = {isa = PBXBuildFile; fileRef = C9464BC81C61905C00ACBC4F /* WSPNewsDetailViewController.m */; };
		C9464BCC1C61927600ACBC4F /* WSPDetailModel.m in Sources */ = {isa = PBXBuildFile; fileRef = C9464BCB1C61927600ACBC4F /* WSPDetailModel.m */; };
		C9464BD11C619F2800ACBC4F /* WSPNews.css in Resources */ = {isa = PBXBuildFile; fileRef = C9464BD01C619F2800ACBC4F /* WSPNews.css */; };
		C94C900B1CA3BAAC00B3B446 /* WSPDownLoadFontManager.m in Sources */ = {isa = PBXBuildFile; fileRef = C94C900A1CA3BAAC00B3B446 /* WSPDownLoadFontManager.m */; };
		C965890A1C74548500E5184C /* WSPPhotoModel.m in Sources */ = {isa = PBXBuildFile; fileRef = C96589091C74548500E5184C /* WSPPhotoModel.m */; };
		C965C4811C92585300007AF9 /* placeHolder_1_640 360.png in Resources */ = {isa = PBXBuildFile; fileRef = C965C4801C92585300007AF9 /* placeHolder_1_640 360.png */; };
		C97BEA631C916EB10026E89D /* jquery-1.12.1.min.js in Resources */ = {isa = PBXBuildFile; fileRef = C97BEA611C916EB10026E89D /* jquery-1.12.1.min.js */; };
		C97BEA641C916EB10026E89D /* jquery.lazyload.min.js in Resources */ = {isa = PBXBuildFile; fileRef = C97BEA621C916EB10026E89D /* jquery.lazyload.min.js */; };
		C99BC8AA1C72F7D20022C12C /* WSPReleatedModel.m in Sources */ = {isa = PBXBuildFile; fileRef = C99BC8A91C72F7D20022C12C /* WSPReleatedModel.m */; };
		C99BC8AD1C72FE4B0022C12C /* UIView+WSPFrame.m in Sources */ = {isa = PBXBuildFile; fileRef = C99BC8AC1C72FE4B0022C12C /* UIView+WSPFrame.m */; };
		C99BC8AF1C72FF440022C12C /* WSPDetailBottomCell.xib in Resources */ = {isa = PBXBuildFile; fileRef = C99BC8AE1C72FF440022C12C /* WSPDetailBottomCell.xib */; };
		C99BC8B21C72FFFD0022C12C /* WSPDetailBottomCell.m in Sources */ = {isa = PBXBuildFile; fileRef = C99BC8B11C72FFFD0022C12C /* WSPDetailBottomCell.m */; };
		C99BC8B81C7306890022C12C /* WSPReplyModel.m in Sources */ = {isa = PBXBuildFile; fileRef = C99BC8B71C7306890022C12C /* WSPReplyModel.m */; };
		C9F56A921C8D2DF90009D557 /* ImageError.png in Resources */ = {isa = PBXBuildFile; fileRef = C9F56A4F1C8D2DF90009D557 /* ImageError.png */; };
		C9F56A931C8D2DF90009D557 /* ImageError@2x.png in Resources */ = {isa = PBXBuildFile; fileRef = C9F56A501C8D2DF90009D557 /* ImageError@2x.png */; };
		C9F56A941C8D2DF90009D557 /* ImageError@3x.png in Resources */ = {isa = PBXBuildFile; fileRef = C9F56A511C8D2DF90009D557 /* ImageError@3x.png */; };
		C9F56A951C8D2DF90009D557 /* ImageSelectedOff.png in Resources */ = {isa = PBXBuildFile; fileRef = C9F56A521C8D2DF90009D557 /* ImageSelectedOff.png */; };
		C9F56A961C8D2DF90009D557 /* ImageSelectedOff@2x.png in Resources */ = {isa = PBXBuildFile; fileRef = C9F56A531C8D2DF90009D557 /* ImageSelectedOff@2x.png */; };
		C9F56A971C8D2DF90009D557 /* ImageSelectedOff@3x.png in Resources */ = {isa = PBXBuildFile; fileRef = C9F56A541C8D2DF90009D557 /* ImageSelectedOff@3x.png */; };
		C9F56A981C8D2DF90009D557 /* ImageSelectedOn.png in Resources */ = {isa = PBXBuildFile; fileRef = C9F56A551C8D2DF90009D557 /* ImageSelectedOn.png */; };
		C9F56A991C8D2DF90009D557 /* ImageSelectedOn@2x.png in Resources */ = {isa = PBXBuildFile; fileRef = C9F56A561C8D2DF90009D557 /* ImageSelectedOn@2x.png */; };
		C9F56A9A1C8D2DF90009D557 /* ImageSelectedOn@3x.png in Resources */ = {isa = PBXBuildFile; fileRef = C9F56A571C8D2DF90009D557 /* ImageSelectedOn@3x.png */; };
		C9F56A9B1C8D2DF90009D557 /* ImageSelectedSmallOff.png in Resources */ = {isa = PBXBuildFile; fileRef = C9F56A581C8D2DF90009D557 /* ImageSelectedSmallOff.png */; };
		C9F56A9C1C8D2DF90009D557 /* ImageSelectedSmallOff@2x.png in Resources */ = {isa = PBXBuildFile; fileRef = C9F56A591C8D2DF90009D557 /* ImageSelectedSmallOff@2x.png */; };
		C9F56A9D1C8D2DF90009D557 /* ImageSelectedSmallOff@3x.png in Resources */ = {isa = PBXBuildFile; fileRef = C9F56A5A1C8D2DF90009D557 /* ImageSelectedSmallOff@3x.png */; };
		C9F56A9E1C8D2DF90009D557 /* ImageSelectedSmallOn.png in Resources */ = {isa = PBXBuildFile; fileRef = C9F56A5B1C8D2DF90009D557 /* ImageSelectedSmallOn.png */; };
		C9F56A9F1C8D2DF90009D557 /* ImageSelectedSmallOn@2x.png in Resources */ = {isa = PBXBuildFile; fileRef = C9F56A5C1C8D2DF90009D557 /* ImageSelectedSmallOn@2x.png */; };
		C9F56AA01C8D2DF90009D557 /* ImageSelectedSmallOn@3x.png in Resources */ = {isa = PBXBuildFile; fileRef = C9F56A5D1C8D2DF90009D557 /* ImageSelectedSmallOn@3x.png */; };
		C9F56AA11C8D2DF90009D557 /* PlayButtonOverlayLarge.png in Resources */ = {isa = PBXBuildFile; fileRef = C9F56A5E1C8D2DF90009D557 /* PlayButtonOverlayLarge.png */; };
		C9F56AA21C8D2DF90009D557 /* PlayButtonOverlayLarge@2x.png in Resources */ = {isa = PBXBuildFile; fileRef = C9F56A5F1C8D2DF90009D557 /* PlayButtonOverlayLarge@2x.png */; };
		C9F56AA31C8D2DF90009D557 /* PlayButtonOverlayLarge@3x.png in Resources */ = {isa = PBXBuildFile; fileRef = C9F56A601C8D2DF90009D557 /* PlayButtonOverlayLarge@3x.png */; };
		C9F56AA41C8D2DF90009D557 /* PlayButtonOverlayLargeTap.png in Resources */ = {isa = PBXBuildFile; fileRef = C9F56A611C8D2DF90009D557 /* PlayButtonOverlayLargeTap.png */; };
		C9F56AA51C8D2DF90009D557 /* PlayButtonOverlayLargeTap@2x.png in Resources */ = {isa = PBXBuildFile; fileRef = C9F56A621C8D2DF90009D557 /* PlayButtonOverlayLargeTap@2x.png */; };
		C9F56AA61C8D2DF90009D557 /* PlayButtonOverlayLargeTap@3x.png in Resources */ = {isa = PBXBuildFile; fileRef = C9F56A631C8D2DF90009D557 /* PlayButtonOverlayLargeTap@3x.png */; };
		C9F56AA71C8D2DF90009D557 /* UIBarButtonItemArrowLeft.png in Resources */ = {isa = PBXBuildFile; fileRef = C9F56A641C8D2DF90009D557 /* UIBarButtonItemArrowLeft.png */; };
		C9F56AA81C8D2DF90009D557 /* UIBarButtonItemArrowLeft@2x.png in Resources */ = {isa = PBXBuildFile; fileRef = C9F56A651C8D2DF90009D557 /* UIBarButtonItemArrowLeft@2x.png */; };
		C9F56AA91C8D2DF90009D557 /* UIBarButtonItemArrowLeft@3x.png in Resources */ = {isa = PBXBuildFile; fileRef = C9F56A661C8D2DF90009D557 /* UIBarButtonItemArrowLeft@3x.png */; };
		C9F56AAA1C8D2DF90009D557 /* UIBarButtonItemArrowRight.png in Resources */ = {isa = PBXBuildFile; fileRef = C9F56A671C8D2DF90009D557 /* UIBarButtonItemArrowRight.png */; };
		C9F56AAB1C8D2DF90009D557 /* UIBarButtonItemArrowRight@2x.png in Resources */ = {isa = PBXBuildFile; fileRef = C9F56A681C8D2DF90009D557 /* UIBarButtonItemArrowRight@2x.png */; };
		C9F56AAC1C8D2DF90009D557 /* UIBarButtonItemArrowRight@3x.png in Resources */ = {isa = PBXBuildFile; fileRef = C9F56A691C8D2DF90009D557 /* UIBarButtonItemArrowRight@3x.png */; };
		C9F56AAD1C8D2DF90009D557 /* UIBarButtonItemGrid.png in Resources */ = {isa = PBXBuildFile; fileRef = C9F56A6A1C8D2DF90009D557 /* UIBarButtonItemGrid.png */; };
		C9F56AAE1C8D2DF90009D557 /* UIBarButtonItemGrid@2x.png in Resources */ = {isa = PBXBuildFile; fileRef = C9F56A6B1C8D2DF90009D557 /* UIBarButtonItemGrid@2x.png */; };
		C9F56AAF1C8D2DF90009D557 /* UIBarButtonItemGrid@3x.png in Resources */ = {isa = PBXBuildFile; fileRef = C9F56A6C1C8D2DF90009D557 /* UIBarButtonItemGrid@3x.png */; };
		C9F56AB01C8D2DF90009D557 /* VideoOverlay.png in Resources */ = {isa = PBXBuildFile; fileRef = C9F56A6D1C8D2DF90009D557 /* VideoOverlay.png */; };
		C9F56AB11C8D2DF90009D557 /* VideoOverlay@2x.png in Resources */ = {isa = PBXBuildFile; fileRef = C9F56A6E1C8D2DF90009D557 /* VideoOverlay@2x.png */; };
		C9F56AB21C8D2DF90009D557 /* VideoOverlay@3x.png in Resources */ = {isa = PBXBuildFile; fileRef = C9F56A6F1C8D2DF90009D557 /* VideoOverlay@3x.png */; };
		C9F56AB41C8D2DF90009D557 /* MWCaptionView.m in Sources */ = {isa = PBXBuildFile; fileRef = C9F56A731C8D2DF90009D557 /* MWCaptionView.m */; };
		C9F56AB51C8D2DF90009D557 /* MWGridCell.m in Sources */ = {isa = PBXBuildFile; fileRef = C9F56A761C8D2DF90009D557 /* MWGridCell.m */; };
		C9F56AB61C8D2DF90009D557 /* MWGridViewController.m in Sources */ = {isa = PBXBuildFile; fileRef = C9F56A781C8D2DF90009D557 /* MWGridViewController.m */; };
		C9F56AB71C8D2DF90009D557 /* MWPhoto.m in Sources */ = {isa = PBXBuildFile; fileRef = C9F56A7A1C8D2DF90009D557 /* MWPhoto.m */; };
		C9F56AB81C8D2DF90009D557 /* MWPhotoBrowser.m in Sources */ = {isa = PBXBuildFile; fileRef = C9F56A7C1C8D2DF90009D557 /* MWPhotoBrowser.m */; };
		C9F56AB91C8D2DF90009D557 /* MWTapDetectingImageView.m in Sources */ = {isa = PBXBuildFile; fileRef = C9F56A801C8D2DF90009D557 /* MWTapDetectingImageView.m */; };
		C9F56ABA1C8D2DF90009D557 /* MWTapDetectingView.m in Sources */ = {isa = PBXBuildFile; fileRef = C9F56A821C8D2DF90009D557 /* MWTapDetectingView.m */; };
		C9F56ABB1C8D2DF90009D557 /* MWZoomingScrollView.m in Sources */ = {isa = PBXBuildFile; fileRef = C9F56A841C8D2DF90009D557 /* MWZoomingScrollView.m */; };
		C9F56ABC1C8D2DF90009D557 /* UIImage+MWPhotoBrowser.m in Sources */ = {isa = PBXBuildFile; fileRef = C9F56A861C8D2DF90009D557 /* UIImage+MWPhotoBrowser.m */; };
		C9F56ABD1C8D2DF90009D557 /* DACircularProgressView.m in Sources */ = {isa = PBXBuildFile; fileRef = C9F56A891C8D2DF90009D557 /* DACircularProgressView.m */; };
		C9F56ABE1C8D2DF90009D557 /* DALabeledCircularProgressView.m in Sources */ = {isa = PBXBuildFile; fileRef = C9F56A8B1C8D2DF90009D557 /* DALabeledCircularProgressView.m */; };
		C9F56ABF1C8D2DF90009D557 /* LICENSE in Resources */ = {isa = PBXBuildFile; fileRef = C9F56A8D1C8D2DF90009D557 /* LICENSE */; };
		C9F56AC01C8D2DF90009D557 /* MBProgressHUD.m in Sources */ = {isa = PBXBuildFile; fileRef = C9F56A8F1C8D2DF90009D557 /* MBProgressHUD.m */; };
/* End PBXBuildFile section */

/* Begin PBXContainerItemProxy section */
		C93C569A1C3D076400599C00 /* PBXContainerItemProxy */ = {
			isa = PBXContainerItemProxy;
			containerPortal = C93C56781C3D076400599C00 /* Project object */;
			proxyType = 1;
			remoteGlobalIDString = C93C567F1C3D076400599C00;
			remoteInfo = WSPNews;
		};
		C93C56A51C3D076400599C00 /* PBXContainerItemProxy */ = {
			isa = PBXContainerItemProxy;
			containerPortal = C93C56781C3D076400599C00 /* Project object */;
			proxyType = 1;
			remoteGlobalIDString = C93C567F1C3D076400599C00;
			remoteInfo = WSPNews;
		};
/* End PBXContainerItemProxy section */

/* Begin PBXFileReference section */
		063F04E6A60EB51877A59CDC /* Pods-WSPNews.release.xcconfig */ = {isa = PBXFileReference; includeInIndex = 1; lastKnownFileType = text.xcconfig; name = "Pods-WSPNews.release.xcconfig"; path = "Pods/Target Support Files/Pods-WSPNews/Pods-WSPNews.release.xcconfig"; sourceTree = "<group>"; };
		A16C0C321D51CA370087754C /* WSPNetWorkTool.h */ = {isa = PBXFileReference; fileEncoding = 4; lastKnownFileType = sourcecode.c.h; path = WSPNetWorkTool.h; sourceTree = "<group>"; };
		A16C0C331D51CA370087754C /* WSPNetWorkTool.m */ = {isa = PBXFileReference; fileEncoding = 4; lastKnownFileType = sourcecode.c.objc; path = WSPNetWorkTool.m; sourceTree = "<group>"; };
		A7CFB319F0D437C7F63D3867 /* Pods-WSPNews.debug.xcconfig */ = {isa = PBXFileReference; includeInIndex = 1; lastKnownFileType = text.xcconfig; name = "Pods-WSPNews.debug.xcconfig"; path = "Pods/Target Support Files/Pods-WSPNews/Pods-WSPNews.debug.xcconfig"; sourceTree = "<group>"; };
		C93C56801C3D076400599C00 /* WSPNews.app */ = {isa = PBXFileReference; explicitFileType = wrapper.application; includeInIndex = 0; path = WSPNews.app; sourceTree = BUILT_PRODUCTS_DIR; };
		C93C56841C3D076400599C00 /* main.m */ = {isa = PBXFileReference; lastKnownFileType = sourcecode.c.objc; path = main.m; sourceTree = "<group>"; };
		C93C56861C3D076400599C00 /* AppDelegate.h */ = {isa = PBXFileReference; lastKnownFileType = sourcecode.c.h; path = AppDelegate.h; sourceTree = "<group>"; };
		C93C56871C3D076400599C00 /* AppDelegate.m */ = {isa = PBXFileReference; lastKnownFileType = sourcecode.c.objc; path = AppDelegate.m; sourceTree = "<group>"; };
		C93C568D1C3D076400599C00 /* Base */ = {isa = PBXFileReference; lastKnownFileType = file.storyboard; name = Base; path = Base.lproj/Main.storyboard; sourceTree = "<group>"; };
		C93C568F1C3D076400599C00 /* Assets.xcassets */ = {isa = PBXFileReference; lastKnownFileType = folder.assetcatalog; path = Assets.xcassets; sourceTree = "<group>"; };
		C93C56921C3D076400599C00 /* Base */ = {isa = PBXFileReference; lastKnownFileType = file.storyboard; name = Base; path = Base.lproj/LaunchScreen.storyboard; sourceTree = "<group>"; };
		C93C56941C3D076400599C00 /* Info.plist */ = {isa = PBXFileReference; lastKnownFileType = text.plist.xml; path = Info.plist; sourceTree = "<group>"; };
		C93C56991C3D076400599C00 /* WSPNewsTests.xctest */ = {isa = PBXFileReference; explicitFileType = wrapper.cfbundle; includeInIndex = 0; path = WSPNewsTests.xctest; sourceTree = BUILT_PRODUCTS_DIR; };
		C93C569D1C3D076400599C00 /* WSPNewsTests.m */ = {isa = PBXFileReference; lastKnownFileType = sourcecode.c.objc; path = WSPNewsTests.m; sourceTree = "<group>"; };
		C93C569F1C3D076400599C00 /* Info.plist */ = {isa = PBXFileReference; lastKnownFileType = text.plist.xml; path = Info.plist; sourceTree = "<group>"; };
		C93C56A41C3D076400599C00 /* WSPNewsUITests.xctest */ = {isa = PBXFileReference; explicitFileType = wrapper.cfbundle; includeInIndex = 0; path = WSPNewsUITests.xctest; sourceTree = BUILT_PRODUCTS_DIR; };
		C93C56A81C3D076400599C00 /* WSPNewsUITests.m */ = {isa = PBXFileReference; lastKnownFileType = sourcecode.c.objc; path = WSPNewsUITests.m; sourceTree = "<group>"; };
		C93C56AA1C3D076400599C00 /* Info.plist */ = {isa = PBXFileReference; lastKnownFileType = text.plist.xml; path = Info.plist; sourceTree = "<group>"; };
		C93C56C21C3D097000599C00 /* WSPBaseViewController.h */ = {isa = PBXFileReference; fileEncoding = 4; lastKnownFileType = sourcecode.c.h; path = WSPBaseViewController.h; sourceTree = "<group>"; };
		C93C56C31C3D097000599C00 /* WSPBaseViewController.m */ = {isa = PBXFileReference; fileEncoding = 4; lastKnownFileType = sourcecode.c.objc; path = WSPBaseViewController.m; sourceTree = "<group>"; };
		C93C56C51C3D098900599C00 /* WSPHomeViewController.h */ = {isa = PBXFileReference; fileEncoding = 4; lastKnownFileType = sourcecode.c.h; path = WSPHomeViewController.h; sourceTree = "<group>"; };
		C93C56C61C3D098900599C00 /* WSPHomeViewController.m */ = {isa = PBXFileReference; fileEncoding = 4; lastKnownFileType = sourcecode.c.objc; path = WSPHomeViewController.m; sourceTree = "<group>"; };
		C93C56C81C3D0A6300599C00 /* WSPHomeModel.h */ = {isa = PBXFileReference; fileEncoding = 4; lastKnownFileType = sourcecode.c.h; path = WSPHomeModel.h; sourceTree = "<group>"; };
		C93C56C91C3D0A6300599C00 /* WSPHomeModel.m */ = {isa = PBXFileReference; fileEncoding = 4; lastKnownFileType = sourcecode.c.objc; path = WSPHomeModel.m; sourceTree = "<group>"; };
		C93C56CB1C3D0A7100599C00 /* WSPHomeViewModel.h */ = {isa = PBXFileReference; fileEncoding = 4; lastKnownFileType = sourcecode.c.h; path = WSPHomeViewModel.h; sourceTree = "<group>"; };
		C93C56CC1C3D0A7100599C00 /* WSPHomeViewModel.m */ = {isa = PBXFileReference; fileEncoding = 4; lastKnownFileType = sourcecode.c.objc; path = WSPHomeViewModel.m; sourceTree = "<group>"; };
		C93C56CE1C3D0A8D00599C00 /* WSPHomeCell.h */ = {isa = PBXFileReference; fileEncoding = 4; lastKnownFileType = sourcecode.c.h; path = WSPHomeCell.h; sourceTree = "<group>"; };
		C93C56CF1C3D0A8D00599C00 /* WSPHomeCell.m */ = {isa = PBXFileReference; fileEncoding = 4; lastKnownFileType = sourcecode.c.objc; path = WSPHomeCell.m; sourceTree = "<group>"; };
		C93C56E01C3D0E9700599C00 /* UIView+Frame.h */ = {isa = PBXFileReference; fileEncoding = 4; lastKnownFileType = sourcecode.c.h; path = "UIView+Frame.h"; sourceTree = "<group>"; };
		C93C56E11C3D0E9700599C00 /* UIView+Frame.m */ = {isa = PBXFileReference; fileEncoding = 4; lastKnownFileType = sourcecode.c.objc; path = "UIView+Frame.m"; sourceTree = "<group>"; };
		C93C56E21C3D0E9700599C00 /* YZDisplayTitleLabel.h */ = {isa = PBXFileReference; fileEncoding = 4; lastKnownFileType = sourcecode.c.h; path = YZDisplayTitleLabel.h; sourceTree = "<group>"; };
		C93C56E31C3D0E9700599C00 /* YZDisplayTitleLabel.m */ = {isa = PBXFileReference; fileEncoding = 4; lastKnownFileType = sourcecode.c.objc; path = YZDisplayTitleLabel.m; sourceTree = "<group>"; };
		C93C56E41C3D0E9700599C00 /* YZDisplayViewController.h */ = {isa = PBXFileReference; fileEncoding = 4; lastKnownFileType = sourcecode.c.h; path = YZDisplayViewController.h; sourceTree = "<group>"; };
		C93C56E51C3D0E9700599C00 /* YZDisplayViewController.m */ = {isa = PBXFileReference; fileEncoding = 4; lastKnownFileType = sourcecode.c.objc; path = YZDisplayViewController.m; sourceTree = "<group>"; };
		C93C56E61C3D0E9700599C00 /* YZDisplayViewHeader.h */ = {isa = PBXFileReference; fileEncoding = 4; lastKnownFileType = sourcecode.c.h; path = YZDisplayViewHeader.h; sourceTree = "<group>"; };
		C93C56E71C3D0E9700599C00 /* YZFlowLayout.h */ = {isa = PBXFileReference; fileEncoding = 4; lastKnownFileType = sourcecode.c.h; path = YZFlowLayout.h; sourceTree = "<group>"; };
		C93C56E81C3D0E9700599C00 /* YZFlowLayout.m */ = {isa = PBXFileReference; fileEncoding = 4; lastKnownFileType = sourcecode.c.objc; path = YZFlowLayout.m; sourceTree = "<group>"; };
		C93C56EF1C3D116A00599C00 /* WSPPrefixFile.pch */ = {isa = PBXFileReference; fileEncoding = 4; lastKnownFileType = sourcecode.c.h; path = WSPPrefixFile.pch; sourceTree = "<group>"; };
		C93C56F01C3D14F800599C00 /* WSPConst.h */ = {isa = PBXFileReference; fileEncoding = 4; lastKnownFileType = sourcecode.c.h; path = WSPConst.h; sourceTree = "<group>"; };
		C93C56F11C3D14F800599C00 /* WSPConst.m */ = {isa = PBXFileReference; fileEncoding = 4; lastKnownFileType = sourcecode.c.objc; path = WSPConst.m; sourceTree = "<group>"; };
		C93C56F31C3D16E300599C00 /* WSPUrlArgumentsFilter.h */ = {isa = PBXFileReference; fileEncoding = 4; lastKnownFileType = sourcecode.c.h; path = WSPUrlArgumentsFilter.h; sourceTree = "<group>"; };
		C93C56F41C3D16E300599C00 /* WSPUrlArgumentsFilter.m */ = {isa = PBXFileReference; fileEncoding = 4; lastKnownFileType = sourcecode.c.objc; path = WSPUrlArgumentsFilter.m; sourceTree = "<group>"; };
		C93D015E1C7D834E00FF4D08 /* WSPShareView.h */ = {isa = PBXFileReference; fileEncoding = 4; lastKnownFileType = sourcecode.c.h; path = WSPShareView.h; sourceTree = "<group>"; };
		C93D015F1C7D834E00FF4D08 /* WSPShareView.m */ = {isa = PBXFileReference; fileEncoding = 4; lastKnownFileType = sourcecode.c.objc; path = WSPShareView.m; sourceTree = "<group>"; };
		C93D01611C7D84C000FF4D08 /* UIColor+expanded.h */ = {isa = PBXFileReference; fileEncoding = 4; lastKnownFileType = sourcecode.c.h; path = "UIColor+expanded.h"; sourceTree = "<group>"; };
		C93D01621C7D84C000FF4D08 /* UIColor+expanded.m */ = {isa = PBXFileReference; fileEncoding = 4; lastKnownFileType = sourcecode.c.objc; path = "UIColor+expanded.m"; sourceTree = "<group>"; };
		C93D01631C7D84C000FF4D08 /* UIView+BlocksKit.h */ = {isa = PBXFileReference; fileEncoding = 4; lastKnownFileType = sourcecode.c.h; path = "UIView+BlocksKit.h"; sourceTree = "<group>"; };
		C93D01641C7D84C000FF4D08 /* UIView+BlocksKit.m */ = {isa = PBXFileReference; fileEncoding = 4; lastKnownFileType = sourcecode.c.objc; path = "UIView+BlocksKit.m"; sourceTree = "<group>"; };
		C93D01671C7D854700FF4D08 /* UIGestureRecognizer+BlocksKit.h */ = {isa = PBXFileReference; fileEncoding = 4; lastKnownFileType = sourcecode.c.h; path = "UIGestureRecognizer+BlocksKit.h"; sourceTree = "<group>"; };
		C93D01681C7D854700FF4D08 /* UIGestureRecognizer+BlocksKit.m */ = {isa = PBXFileReference; fileEncoding = 4; lastKnownFileType = sourcecode.c.objc; path = "UIGestureRecognizer+BlocksKit.m"; sourceTree = "<group>"; };
		C93F89771C8E93AD005C1CFB /* libstdc++.tbd */ = {isa = PBXFileReference; lastKnownFileType = "sourcecode.text-based-dylib-definition"; name = "libstdc++.tbd"; path = "usr/lib/libstdc++.tbd"; sourceTree = SDKROOT; };
		C93F89791C8E93C5005C1CFB /* libz.tbd */ = {isa = PBXFileReference; lastKnownFileType = "sourcecode.text-based-dylib-definition"; name = libz.tbd; path = usr/lib/libz.tbd; sourceTree = SDKROOT; };
		C93F897C1C8ECDD2005C1CFB /* WSPPhoto.h */ = {isa = PBXFileReference; fileEncoding = 4; lastKnownFileType = sourcecode.c.h; path = WSPPhoto.h; sourceTree = "<group>"; };
		C93F897D1C8ECDD2005C1CFB /* WSPPhoto.m */ = {isa = PBXFileReference; fileEncoding = 4; lastKnownFileType = sourcecode.c.objc; path = WSPPhoto.m; sourceTree = "<group>"; };
		C93F897E1C8ECDD2005C1CFB /* WSPPhotoBrowerController.h */ = {isa = PBXFileReference; fileEncoding = 4; lastKnownFileType = sourcecode.c.h; path = WSPPhotoBrowerController.h; sourceTree = "<group>"; };
		C93F897F1C8ECDD2005C1CFB /* WSPPhotoBrowerController.m */ = {isa = PBXFileReference; fileEncoding = 4; lastKnownFileType = sourcecode.c.objc; path = WSPPhotoBrowerController.m; sourceTree = "<group>"; };
		C93F89801C8ECDD2005C1CFB /* WSPPhotoImageView.h */ = {isa = PBXFileReference; fileEncoding = 4; lastKnownFileType = sourcecode.c.h; path = WSPPhotoImageView.h; sourceTree = "<group>"; };
		C93F89811C8ECDD2005C1CFB /* WSPPhotoImageView.m */ = {isa = PBXFileReference; fileEncoding = 4; lastKnownFileType = sourcecode.c.objc; path = WSPPhotoImageView.m; sourceTree = "<group>"; };
		C93F89821C8ECDD2005C1CFB /* WSPPhotoProtocol.h */ = {isa = PBXFileReference; fileEncoding = 4; lastKnownFileType = sourcecode.c.h; path = WSPPhotoProtocol.h; sourceTree = "<group>"; };
		C93F89831C8ECDD2005C1CFB /* WSPPhotoView.h */ = {isa = PBXFileReference; fileEncoding = 4; lastKnownFileType = sourcecode.c.h; path = WSPPhotoView.h; sourceTree = "<group>"; };
		C93F89841C8ECDD2005C1CFB /* WSPPhotoView.m */ = {isa = PBXFileReference; fileEncoding = 4; lastKnownFileType = sourcecode.c.objc; path = WSPPhotoView.m; sourceTree = "<group>"; };
		C93F89851C8ECDD2005C1CFB /* WSPScrollView.h */ = {isa = PBXFileReference; fileEncoding = 4; lastKnownFileType = sourcecode.c.h; path = WSPScrollView.h; sourceTree = "<group>"; };
		C93F89861C8ECDD2005C1CFB /* WSPScrollView.m */ = {isa = PBXFileReference; fileEncoding = 4; lastKnownFileType = sourcecode.c.objc; path = WSPScrollView.m; sourceTree = "<group>"; };
		C93F898D1C8ECDFF005C1CFB /* WSPThemeManger.h */ = {isa = PBXFileReference; fileEncoding = 4; lastKnownFileType = sourcecode.c.h; path = WSPThemeManger.h; sourceTree = "<group>"; };
		C93F898E1C8ECDFF005C1CFB /* WSPThemeManger.m */ = {isa = PBXFileReference; fileEncoding = 4; lastKnownFileType = sourcecode.c.objc; path = WSPThemeManger.m; sourceTree = "<group>"; };
		C9414B8F1C5854940091A6C7 /* WSPMainTabBarController.h */ = {isa = PBXFileReference; fileEncoding = 4; lastKnownFileType = sourcecode.c.h; path = WSPMainTabBarController.h; sourceTree = "<group>"; };
		C9414B901C5854940091A6C7 /* WSPMainTabBarController.m */ = {isa = PBXFileReference; fileEncoding = 4; lastKnownFileType = sourcecode.c.objc; path = WSPMainTabBarController.m; sourceTree = "<group>"; };
		C9414B921C5855700091A6C7 /* WSPNavgationController.h */ = {isa = PBXFileReference; fileEncoding = 4; lastKnownFileType = sourcecode.c.h; path = WSPNavgationController.h; sourceTree = "<group>"; };
		C9414B931C5855700091A6C7 /* WSPNavgationController.m */ = {isa = PBXFileReference; fileEncoding = 4; lastKnownFileType = sourcecode.c.objc; path = WSPNavgationController.m; sourceTree = "<group>"; };
		C9414B951C5859CE0091A6C7 /* NewsUrl.plist */ = {isa = PBXFileReference; fileEncoding = 4; lastKnownFileType = text.plist.xml; path = NewsUrl.plist; sourceTree = "<group>"; };
		C9414B971C585C280091A6C7 /* WSPNews.storyboard */ = {isa = PBXFileReference; fileEncoding = 4; lastKnownFileType = file.storyboard; path = WSPNews.storyboard; sourceTree = "<group>"; };
		C9414B991C585C850091A6C7 /* WSPTableViewController.h */ = {isa = PBXFileReference; fileEncoding = 4; lastKnownFileType = sourcecode.c.h; path = WSPTableViewController.h; sourceTree = "<group>"; };
		C9414B9A1C585C850091A6C7 /* WSPTableViewController.m */ = {isa = PBXFileReference; fileEncoding = 4; lastKnownFileType = sourcecode.c.objc; path = WSPTableViewController.m; sourceTree = "<group>"; };
		C9414B9C1C585D420091A6C7 /* WSPTitleShowLabel.h */ = {isa = PBXFileReference; fileEncoding = 4; lastKnownFileType = sourcecode.c.h; path = WSPTitleShowLabel.h; sourceTree = "<group>"; };
		C9414B9D1C585D420091A6C7 /* WSPTitleShowLabel.m */ = {isa = PBXFileReference; fileEncoding = 4; lastKnownFileType = sourcecode.c.objc; path = WSPTitleShowLabel.m; sourceTree = "<group>"; };
		C9464BC71C61905C00ACBC4F /* WSPNewsDetailViewController.h */ = {isa = PBXFileReference; fileEncoding = 4; lastKnownFileType = sourcecode.c.h; path = WSPNewsDetailViewController.h; sourceTree = "<group>"; };
		C9464BC81C61905C00ACBC4F /* WSPNewsDetailViewController.m */ = {isa = PBXFileReference; fileEncoding = 4; lastKnownFileType = sourcecode.c.objc; path = WSPNewsDetailViewController.m; sourceTree = "<group>"; };
		C9464BCA1C61927600ACBC4F /* WSPDetailModel.h */ = {isa = PBXFileReference; fileEncoding = 4; lastKnownFileType = sourcecode.c.h; path = WSPDetailModel.h; sourceTree = "<group>"; };
		C9464BCB1C61927600ACBC4F /* WSPDetailModel.m */ = {isa = PBXFileReference; fileEncoding = 4; lastKnownFileType = sourcecode.c.objc; path = WSPDetailModel.m; sourceTree = "<group>"; };
		C9464BD01C619F2800ACBC4F /* WSPNews.css */ = {isa = PBXFileReference; fileEncoding = 4; lastKnownFileType = text.css; path = WSPNews.css; sourceTree = "<group>"; };
		C94C90091CA3BAAC00B3B446 /* WSPDownLoadFontManager.h */ = {isa = PBXFileReference; fileEncoding = 4; lastKnownFileType = sourcecode.c.h; path = WSPDownLoadFontManager.h; sourceTree = "<group>"; };
		C94C900A1CA3BAAC00B3B446 /* WSPDownLoadFontManager.m */ = {isa = PBXFileReference; fileEncoding = 4; lastKnownFileType = sourcecode.c.objc; path = WSPDownLoadFontManager.m; sourceTree = "<group>"; };
		C96589081C74548500E5184C /* WSPPhotoModel.h */ = {isa = PBXFileReference; fileEncoding = 4; lastKnownFileType = sourcecode.c.h; path = WSPPhotoModel.h; sourceTree = "<group>"; };
		C96589091C74548500E5184C /* WSPPhotoModel.m */ = {isa = PBXFileReference; fileEncoding = 4; lastKnownFileType = sourcecode.c.objc; path = WSPPhotoModel.m; sourceTree = "<group>"; };
		C965C4801C92585300007AF9 /* placeHolder_1_640 360.png */ = {isa = PBXFileReference; lastKnownFileType = image.png; path = "placeHolder_1_640 360.png"; sourceTree = "<group>"; };
		C97BEA611C916EB10026E89D /* jquery-1.12.1.min.js */ = {isa = PBXFileReference; fileEncoding = 4; lastKnownFileType = sourcecode.javascript; path = "jquery-1.12.1.min.js"; sourceTree = "<group>"; };
		C97BEA621C916EB10026E89D /* jquery.lazyload.min.js */ = {isa = PBXFileReference; fileEncoding = 4; lastKnownFileType = sourcecode.javascript; path = jquery.lazyload.min.js; sourceTree = "<group>"; };
		C99BC8A81C72F7D20022C12C /* WSPReleatedModel.h */ = {isa = PBXFileReference; fileEncoding = 4; lastKnownFileType = sourcecode.c.h; path = WSPReleatedModel.h; sourceTree = "<group>"; };
		C99BC8A91C72F7D20022C12C /* WSPReleatedModel.m */ = {isa = PBXFileReference; fileEncoding = 4; lastKnownFileType = sourcecode.c.objc; path = WSPReleatedModel.m; sourceTree = "<group>"; };
		C99BC8AB1C72FE4B0022C12C /* UIView+WSPFrame.h */ = {isa = PBXFileReference; fileEncoding = 4; lastKnownFileType = sourcecode.c.h; path = "UIView+WSPFrame.h"; sourceTree = "<group>"; };
		C99BC8AC1C72FE4B0022C12C /* UIView+WSPFrame.m */ = {isa = PBXFileReference; fileEncoding = 4; lastKnownFileType = sourcecode.c.objc; path = "UIView+WSPFrame.m"; sourceTree = "<group>"; };
		C99BC8AE1C72FF440022C12C /* WSPDetailBottomCell.xib */ = {isa = PBXFileReference; fileEncoding = 4; lastKnownFileType = file.xib; path = WSPDetailBottomCell.xib; sourceTree = "<group>"; };
		C99BC8B01C72FFFD0022C12C /* WSPDetailBottomCell.h */ = {isa = PBXFileReference; fileEncoding = 4; lastKnownFileType = sourcecode.c.h; path = WSPDetailBottomCell.h; sourceTree = "<group>"; };
		C99BC8B11C72FFFD0022C12C /* WSPDetailBottomCell.m */ = {isa = PBXFileReference; fileEncoding = 4; lastKnownFileType = sourcecode.c.objc; path = WSPDetailBottomCell.m; sourceTree = "<group>"; };
		C99BC8B61C7306890022C12C /* WSPReplyModel.h */ = {isa = PBXFileReference; fileEncoding = 4; lastKnownFileType = sourcecode.c.h; path = WSPReplyModel.h; sourceTree = "<group>"; };
		C99BC8B71C7306890022C12C /* WSPReplyModel.m */ = {isa = PBXFileReference; fileEncoding = 4; lastKnownFileType = sourcecode.c.objc; path = WSPReplyModel.m; sourceTree = "<group>"; };
		C9F56A4E1C8D2DF90009D557 /* .gitkeep */ = {isa = PBXFileReference; fileEncoding = 4; lastKnownFileType = text; path = .gitkeep; sourceTree = "<group>"; };
		C9F56A4F1C8D2DF90009D557 /* ImageError.png */ = {isa = PBXFileReference; lastKnownFileType = image.png; path = ImageError.png; sourceTree = "<group>"; };
		C9F56A501C8D2DF90009D557 /* ImageError@2x.png */ = {isa = PBXFileReference; lastKnownFileType = image.png; path = "ImageError@2x.png"; sourceTree = "<group>"; };
		C9F56A511C8D2DF90009D557 /* ImageError@3x.png */ = {isa = PBXFileReference; lastKnownFileType = image.png; path = "ImageError@3x.png"; sourceTree = "<group>"; };
		C9F56A521C8D2DF90009D557 /* ImageSelectedOff.png */ = {isa = PBXFileReference; lastKnownFileType = image.png; path = ImageSelectedOff.png; sourceTree = "<group>"; };
		C9F56A531C8D2DF90009D557 /* ImageSelectedOff@2x.png */ = {isa = PBXFileReference; lastKnownFileType = image.png; path = "ImageSelectedOff@2x.png"; sourceTree = "<group>"; };
		C9F56A541C8D2DF90009D557 /* ImageSelectedOff@3x.png */ = {isa = PBXFileReference; lastKnownFileType = image.png; path = "ImageSelectedOff@3x.png"; sourceTree = "<group>"; };
		C9F56A551C8D2DF90009D557 /* ImageSelectedOn.png */ = {isa = PBXFileReference; lastKnownFileType = image.png; path = ImageSelectedOn.png; sourceTree = "<group>"; };
		C9F56A561C8D2DF90009D557 /* ImageSelectedOn@2x.png */ = {isa = PBXFileReference; lastKnownFileType = image.png; path = "ImageSelectedOn@2x.png"; sourceTree = "<group>"; };
		C9F56A571C8D2DF90009D557 /* ImageSelectedOn@3x.png */ = {isa = PBXFileReference; lastKnownFileType = image.png; path = "ImageSelectedOn@3x.png"; sourceTree = "<group>"; };
		C9F56A581C8D2DF90009D557 /* ImageSelectedSmallOff.png */ = {isa = PBXFileReference; lastKnownFileType = image.png; path = ImageSelectedSmallOff.png; sourceTree = "<group>"; };
		C9F56A591C8D2DF90009D557 /* ImageSelectedSmallOff@2x.png */ = {isa = PBXFileReference; lastKnownFileType = image.png; path = "ImageSelectedSmallOff@2x.png"; sourceTree = "<group>"; };
		C9F56A5A1C8D2DF90009D557 /* ImageSelectedSmallOff@3x.png */ = {isa = PBXFileReference; lastKnownFileType = image.png; path = "ImageSelectedSmallOff@3x.png"; sourceTree = "<group>"; };
		C9F56A5B1C8D2DF90009D557 /* ImageSelectedSmallOn.png */ = {isa = PBXFileReference; lastKnownFileType = image.png; path = ImageSelectedSmallOn.png; sourceTree = "<group>"; };
		C9F56A5C1C8D2DF90009D557 /* ImageSelectedSmallOn@2x.png */ = {isa = PBXFileReference; lastKnownFileType = image.png; path = "ImageSelectedSmallOn@2x.png"; sourceTree = "<group>"; };
		C9F56A5D1C8D2DF90009D557 /* ImageSelectedSmallOn@3x.png */ = {isa = PBXFileReference; lastKnownFileType = image.png; path = "ImageSelectedSmallOn@3x.png"; sourceTree = "<group>"; };
		C9F56A5E1C8D2DF90009D557 /* PlayButtonOverlayLarge.png */ = {isa = PBXFileReference; lastKnownFileType = image.png; path = PlayButtonOverlayLarge.png; sourceTree = "<group>"; };
		C9F56A5F1C8D2DF90009D557 /* PlayButtonOverlayLarge@2x.png */ = {isa = PBXFileReference; lastKnownFileType = image.png; path = "PlayButtonOverlayLarge@2x.png"; sourceTree = "<group>"; };
		C9F56A601C8D2DF90009D557 /* PlayButtonOverlayLarge@3x.png */ = {isa = PBXFileReference; lastKnownFileType = image.png; path = "PlayButtonOverlayLarge@3x.png"; sourceTree = "<group>"; };
		C9F56A611C8D2DF90009D557 /* PlayButtonOverlayLargeTap.png */ = {isa = PBXFileReference; lastKnownFileType = image.png; path = PlayButtonOverlayLargeTap.png; sourceTree = "<group>"; };
		C9F56A621C8D2DF90009D557 /* PlayButtonOverlayLargeTap@2x.png */ = {isa = PBXFileReference; lastKnownFileType = image.png; path = "PlayButtonOverlayLargeTap@2x.png"; sourceTree = "<group>"; };
		C9F56A631C8D2DF90009D557 /* PlayButtonOverlayLargeTap@3x.png */ = {isa = PBXFileReference; lastKnownFileType = image.png; path = "PlayButtonOverlayLargeTap@3x.png"; sourceTree = "<group>"; };
		C9F56A641C8D2DF90009D557 /* UIBarButtonItemArrowLeft.png */ = {isa = PBXFileReference; lastKnownFileType = image.png; path = UIBarButtonItemArrowLeft.png; sourceTree = "<group>"; };
		C9F56A651C8D2DF90009D557 /* UIBarButtonItemArrowLeft@2x.png */ = {isa = PBXFileReference; lastKnownFileType = image.png; path = "UIBarButtonItemArrowLeft@2x.png"; sourceTree = "<group>"; };
		C9F56A661C8D2DF90009D557 /* UIBarButtonItemArrowLeft@3x.png */ = {isa = PBXFileReference; lastKnownFileType = image.png; path = "UIBarButtonItemArrowLeft@3x.png"; sourceTree = "<group>"; };
		C9F56A671C8D2DF90009D557 /* UIBarButtonItemArrowRight.png */ = {isa = PBXFileReference; lastKnownFileType = image.png; path = UIBarButtonItemArrowRight.png; sourceTree = "<group>"; };
		C9F56A681C8D2DF90009D557 /* UIBarButtonItemArrowRight@2x.png */ = {isa = PBXFileReference; lastKnownFileType = image.png; path = "UIBarButtonItemArrowRight@2x.png"; sourceTree = "<group>"; };
		C9F56A691C8D2DF90009D557 /* UIBarButtonItemArrowRight@3x.png */ = {isa = PBXFileReference; lastKnownFileType = image.png; path = "UIBarButtonItemArrowRight@3x.png"; sourceTree = "<group>"; };
		C9F56A6A1C8D2DF90009D557 /* UIBarButtonItemGrid.png */ = {isa = PBXFileReference; lastKnownFileType = image.png; path = UIBarButtonItemGrid.png; sourceTree = "<group>"; };
		C9F56A6B1C8D2DF90009D557 /* UIBarButtonItemGrid@2x.png */ = {isa = PBXFileReference; lastKnownFileType = image.png; path = "UIBarButtonItemGrid@2x.png"; sourceTree = "<group>"; };
		C9F56A6C1C8D2DF90009D557 /* UIBarButtonItemGrid@3x.png */ = {isa = PBXFileReference; lastKnownFileType = image.png; path = "UIBarButtonItemGrid@3x.png"; sourceTree = "<group>"; };
		C9F56A6D1C8D2DF90009D557 /* VideoOverlay.png */ = {isa = PBXFileReference; lastKnownFileType = image.png; path = VideoOverlay.png; sourceTree = "<group>"; };
		C9F56A6E1C8D2DF90009D557 /* VideoOverlay@2x.png */ = {isa = PBXFileReference; lastKnownFileType = image.png; path = "VideoOverlay@2x.png"; sourceTree = "<group>"; };
		C9F56A6F1C8D2DF90009D557 /* VideoOverlay@3x.png */ = {isa = PBXFileReference; lastKnownFileType = image.png; path = "VideoOverlay@3x.png"; sourceTree = "<group>"; };
		C9F56A711C8D2DF90009D557 /* .gitkeep */ = {isa = PBXFileReference; fileEncoding = 4; lastKnownFileType = text; path = .gitkeep; sourceTree = "<group>"; };
		C9F56A721C8D2DF90009D557 /* MWCaptionView.h */ = {isa = PBXFileReference; fileEncoding = 4; lastKnownFileType = sourcecode.c.h; path = MWCaptionView.h; sourceTree = "<group>"; };
		C9F56A731C8D2DF90009D557 /* MWCaptionView.m */ = {isa = PBXFileReference; fileEncoding = 4; lastKnownFileType = sourcecode.c.objc; path = MWCaptionView.m; sourceTree = "<group>"; };
		C9F56A741C8D2DF90009D557 /* MWCommon.h */ = {isa = PBXFileReference; fileEncoding = 4; lastKnownFileType = sourcecode.c.h; path = MWCommon.h; sourceTree = "<group>"; };
		C9F56A751C8D2DF90009D557 /* MWGridCell.h */ = {isa = PBXFileReference; fileEncoding = 4; lastKnownFileType = sourcecode.c.h; path = MWGridCell.h; sourceTree = "<group>"; };
		C9F56A761C8D2DF90009D557 /* MWGridCell.m */ = {isa = PBXFileReference; fileEncoding = 4; lastKnownFileType = sourcecode.c.objc; path = MWGridCell.m; sourceTree = "<group>"; };
		C9F56A771C8D2DF90009D557 /* MWGridViewController.h */ = {isa = PBXFileReference; fileEncoding = 4; lastKnownFileType = sourcecode.c.h; path = MWGridViewController.h; sourceTree = "<group>"; };
		C9F56A781C8D2DF90009D557 /* MWGridViewController.m */ = {isa = PBXFileReference; fileEncoding = 4; lastKnownFileType = sourcecode.c.objc; path = MWGridViewController.m; sourceTree = "<group>"; };
		C9F56A791C8D2DF90009D557 /* MWPhoto.h */ = {isa = PBXFileReference; fileEncoding = 4; lastKnownFileType = sourcecode.c.h; path = MWPhoto.h; sourceTree = "<group>"; };
		C9F56A7A1C8D2DF90009D557 /* MWPhoto.m */ = {isa = PBXFileReference; fileEncoding = 4; lastKnownFileType = sourcecode.c.objc; path = MWPhoto.m; sourceTree = "<group>"; };
		C9F56A7B1C8D2DF90009D557 /* MWPhotoBrowser.h */ = {isa = PBXFileReference; fileEncoding = 4; lastKnownFileType = sourcecode.c.h; path = MWPhotoBrowser.h; sourceTree = "<group>"; };
		C9F56A7C1C8D2DF90009D557 /* MWPhotoBrowser.m */ = {isa = PBXFileReference; fileEncoding = 4; lastKnownFileType = sourcecode.c.objc; path = MWPhotoBrowser.m; sourceTree = "<group>"; };
		C9F56A7D1C8D2DF90009D557 /* MWPhotoBrowserPrivate.h */ = {isa = PBXFileReference; fileEncoding = 4; lastKnownFileType = sourcecode.c.h; path = MWPhotoBrowserPrivate.h; sourceTree = "<group>"; };
		C9F56A7E1C8D2DF90009D557 /* MWPhotoProtocol.h */ = {isa = PBXFileReference; fileEncoding = 4; lastKnownFileType = sourcecode.c.h; path = MWPhotoProtocol.h; sourceTree = "<group>"; };
		C9F56A7F1C8D2DF90009D557 /* MWTapDetectingImageView.h */ = {isa = PBXFileReference; fileEncoding = 4; lastKnownFileType = sourcecode.c.h; path = MWTapDetectingImageView.h; sourceTree = "<group>"; };
		C9F56A801C8D2DF90009D557 /* MWTapDetectingImageView.m */ = {isa = PBXFileReference; fileEncoding = 4; lastKnownFileType = sourcecode.c.objc; path = MWTapDetectingImageView.m; sourceTree = "<group>"; };
		C9F56A811C8D2DF90009D557 /* MWTapDetectingView.h */ = {isa = PBXFileReference; fileEncoding = 4; lastKnownFileType = sourcecode.c.h; path = MWTapDetectingView.h; sourceTree = "<group>"; };
		C9F56A821C8D2DF90009D557 /* MWTapDetectingView.m */ = {isa = PBXFileReference; fileEncoding = 4; lastKnownFileType = sourcecode.c.objc; path = MWTapDetectingView.m; sourceTree = "<group>"; };
		C9F56A831C8D2DF90009D557 /* MWZoomingScrollView.h */ = {isa = PBXFileReference; fileEncoding = 4; lastKnownFileType = sourcecode.c.h; path = MWZoomingScrollView.h; sourceTree = "<group>"; };
		C9F56A841C8D2DF90009D557 /* MWZoomingScrollView.m */ = {isa = PBXFileReference; fileEncoding = 4; lastKnownFileType = sourcecode.c.objc; path = MWZoomingScrollView.m; sourceTree = "<group>"; };
		C9F56A851C8D2DF90009D557 /* UIImage+MWPhotoBrowser.h */ = {isa = PBXFileReference; fileEncoding = 4; lastKnownFileType = sourcecode.c.h; path = "UIImage+MWPhotoBrowser.h"; sourceTree = "<group>"; };
		C9F56A861C8D2DF90009D557 /* UIImage+MWPhotoBrowser.m */ = {isa = PBXFileReference; fileEncoding = 4; lastKnownFileType = sourcecode.c.objc; path = "UIImage+MWPhotoBrowser.m"; sourceTree = "<group>"; };
		C9F56A881C8D2DF90009D557 /* DACircularProgressView.h */ = {isa = PBXFileReference; fileEncoding = 4; lastKnownFileType = sourcecode.c.h; path = DACircularProgressView.h; sourceTree = "<group>"; };
		C9F56A891C8D2DF90009D557 /* DACircularProgressView.m */ = {isa = PBXFileReference; fileEncoding = 4; lastKnownFileType = sourcecode.c.objc; path = DACircularProgressView.m; sourceTree = "<group>"; };
		C9F56A8A1C8D2DF90009D557 /* DALabeledCircularProgressView.h */ = {isa = PBXFileReference; fileEncoding = 4; lastKnownFileType = sourcecode.c.h; path = DALabeledCircularProgressView.h; sourceTree = "<group>"; };
		C9F56A8B1C8D2DF90009D557 /* DALabeledCircularProgressView.m */ = {isa = PBXFileReference; fileEncoding = 4; lastKnownFileType = sourcecode.c.objc; path = DALabeledCircularProgressView.m; sourceTree = "<group>"; };
		C9F56A8D1C8D2DF90009D557 /* LICENSE */ = {isa = PBXFileReference; fileEncoding = 4; lastKnownFileType = text; path = LICENSE; sourceTree = "<group>"; };
		C9F56A8E1C8D2DF90009D557 /* MBProgressHUD.h */ = {isa = PBXFileReference; fileEncoding = 4; lastKnownFileType = sourcecode.c.h; path = MBProgressHUD.h; sourceTree = "<group>"; };
		C9F56A8F1C8D2DF90009D557 /* MBProgressHUD.m */ = {isa = PBXFileReference; fileEncoding = 4; lastKnownFileType = sourcecode.c.objc; path = MBProgressHUD.m; sourceTree = "<group>"; };
		C9F56A901C8D2DF90009D557 /* README.mdown */ = {isa = PBXFileReference; fileEncoding = 4; lastKnownFileType = net.daringfireball.markdown; path = README.mdown; sourceTree = "<group>"; };
		EAC249468A9095FCD06052D8 /* libPods-WSPNews.a */ = {isa = PBXFileReference; explicitFileType = archive.ar; includeInIndex = 0; path = "libPods-WSPNews.a"; sourceTree = BUILT_PRODUCTS_DIR; };
/* End PBXFileReference section */

/* Begin PBXFrameworksBuildPhase section */
		C93C567D1C3D076400599C00 /* Frameworks */ = {
			isa = PBXFrameworksBuildPhase;
			buildActionMask = 2147483647;
			files = (
				C93F897A1C8E93C5005C1CFB /* libz.tbd in Frameworks */,
				C93F89781C8E93AD005C1CFB /* libstdc++.tbd in Frameworks */,
				0C0AEC20FCE7DF31B8C6696E /* libPods-WSPNews.a in Frameworks */,
			);
			runOnlyForDeploymentPostprocessing = 0;
		};
		C93C56961C3D076400599C00 /* Frameworks */ = {
			isa = PBXFrameworksBuildPhase;
			buildActionMask = 2147483647;
			files = (
			);
			runOnlyForDeploymentPostprocessing = 0;
		};
		C93C56A11C3D076400599C00 /* Frameworks */ = {
			isa = PBXFrameworksBuildPhase;
			buildActionMask = 2147483647;
			files = (
			);
			runOnlyForDeploymentPostprocessing = 0;
		};
/* End PBXFrameworksBuildPhase section */

/* Begin PBXGroup section */
		85727D070323DF286A7CB442 /* Frameworks */ = {
			isa = PBXGroup;
			children = (
				C93F89791C8E93C5005C1CFB /* libz.tbd */,
				C93F89771C8E93AD005C1CFB /* libstdc++.tbd */,
				EAC249468A9095FCD06052D8 /* libPods-WSPNews.a */,
			);
			name = Frameworks;
			sourceTree = "<group>";
		};
		895AA72F1A97380A14860D06 /* Pods */ = {
			isa = PBXGroup;
			children = (
				A7CFB319F0D437C7F63D3867 /* Pods-WSPNews.debug.xcconfig */,
				063F04E6A60EB51877A59CDC /* Pods-WSPNews.release.xcconfig */,
			);
			name = Pods;
			sourceTree = "<group>";
		};
		C93C56771C3D076400599C00 = {
			isa = PBXGroup;
			children = (
				85727D070323DF286A7CB442 /* Frameworks */,
				C93C56811C3D076400599C00 /* Products */,
				C93C56821C3D076400599C00 /* WSPNews */,
				C93C569C1C3D076400599C00 /* WSPNewsTests */,
				C93C56A71C3D076400599C00 /* WSPNewsUITests */,
				895AA72F1A97380A14860D06 /* Pods */,
			);
			sourceTree = "<group>";
		};
		C93C56811C3D076400599C00 /* Products */ = {
			isa = PBXGroup;
			children = (
				C93C56801C3D076400599C00 /* WSPNews.app */,
				C93C56991C3D076400599C00 /* WSPNewsTests.xctest */,
				C93C56A41C3D076400599C00 /* WSPNewsUITests.xctest */,
			);
			name = Products;
			sourceTree = "<group>";
		};
		C93C56821C3D076400599C00 /* WSPNews */ = {
			isa = PBXGroup;
			children = (
				C93C56B61C3D07D500599C00 /* Classes */,
				C93C56831C3D076400599C00 /* Supporting Files */,
				C93C568F1C3D076400599C00 /* Assets.xcassets */,
				C93C56941C3D076400599C00 /* Info.plist */,
				C93C56911C3D076400599C00 /* LaunchScreen.storyboard */,
				C93C568C1C3D076400599C00 /* Main.storyboard */,
				C9414B971C585C280091A6C7 /* WSPNews.storyboard */,
			);
			path = WSPNews;
			sourceTree = "<group>";
		};
		C93C56831C3D076400599C00 /* Supporting Files */ = {
			isa = PBXGroup;
			children = (
				C965C4801C92585300007AF9 /* placeHolder_1_640 360.png */,
				C9414B951C5859CE0091A6C7 /* NewsUrl.plist */,
				C97BEA611C916EB10026E89D /* jquery-1.12.1.min.js */,
				C97BEA621C916EB10026E89D /* jquery.lazyload.min.js */,
				C9464BD01C619F2800ACBC4F /* WSPNews.css */,
				C93C56841C3D076400599C00 /* main.m */,
			);
			path = "Supporting Files";
			sourceTree = "<group>";
		};
		C93C569C1C3D076400599C00 /* WSPNewsTests */ = {
			isa = PBXGroup;
			children = (
				C93C569F1C3D076400599C00 /* Info.plist */,
				C93C569D1C3D076400599C00 /* WSPNewsTests.m */,
			);
			path = WSPNewsTests;
			sourceTree = "<group>";
		};
		C93C56A71C3D076400599C00 /* WSPNewsUITests */ = {
			isa = PBXGroup;
			children = (
				C93C56AA1C3D076400599C00 /* Info.plist */,
				C93C56A81C3D076400599C00 /* WSPNewsUITests.m */,
			);
			path = WSPNewsUITests;
			sourceTree = "<group>";
		};
		C93C56B61C3D07D500599C00 /* Classes */ = {
			isa = PBXGroup;
			children = (
				C93C56B71C3D07EB00599C00 /* Main */,
				C93C56B81C3D07F800599C00 /* Src */,
			);
			path = Classes;
			sourceTree = "<group>";
		};
		C93C56B71C3D07EB00599C00 /* Main */ = {
			isa = PBXGroup;
			children = (
				C93C56BC1C3D086100599C00 /* Category */,
				C93C56BB1C3D085A00599C00 /* Lib */,
				C93C56BA1C3D083C00599C00 /* Network */,
				C93C56EE1C3D113200599C00 /* Other */,
				C93C56B91C3D080D00599C00 /* Utils */,
			);
			path = Main;
			sourceTree = "<group>";
		};
		C93C56B81C3D07F800599C00 /* Src */ = {
			isa = PBXGroup;
			children = (
				C93C56BD1C3D087A00599C00 /* Home */,
			);
			path = Src;
			sourceTree = "<group>";
		};
		C93C56B91C3D080D00599C00 /* Utils */ = {
			isa = PBXGroup;
			children = (
				C93F897B1C8ECDD2005C1CFB /* WSPPhotoBrower */,
				C93F89871C8ECDD2005C1CFB /* WSPThemeManager */,
				C9F56A4C1C8D2DF90009D557 /* PhotoBrower */,
			);
			path = Utils;
			sourceTree = "<group>";
		};
		C93C56BA1C3D083C00599C00 /* Network */ = {
			isa = PBXGroup;
			children = (
				C93C56F31C3D16E300599C00 /* WSPUrlArgumentsFilter.h */,
				C93C56F41C3D16E300599C00 /* WSPUrlArgumentsFilter.m */,
			);
			path = Network;
			sourceTree = "<group>";
		};
		C93C56BB1C3D085A00599C00 /* Lib */ = {
			isa = PBXGroup;
			children = (
				C93C56DF1C3D0E9700599C00 /* YZDisplayViewController */,
			);
			path = Lib;
			sourceTree = "<group>";
		};
		C93C56BC1C3D086100599C00 /* Category */ = {
			isa = PBXGroup;
			children = (
				C93D01611C7D84C000FF4D08 /* UIColor+expanded.h */,
				C93D01621C7D84C000FF4D08 /* UIColor+expanded.m */,
				C93D01671C7D854700FF4D08 /* UIGestureRecognizer+BlocksKit.h */,
				C93D01681C7D854700FF4D08 /* UIGestureRecognizer+BlocksKit.m */,
				C93D01631C7D84C000FF4D08 /* UIView+BlocksKit.h */,
				C93D01641C7D84C000FF4D08 /* UIView+BlocksKit.m */,
				C99BC8AB1C72FE4B0022C12C /* UIView+WSPFrame.h */,
				C99BC8AC1C72FE4B0022C12C /* UIView+WSPFrame.m */,
			);
			path = Category;
			sourceTree = "<group>";
		};
		C93C56BD1C3D087A00599C00 /* Home */ = {
			isa = PBXGroup;
			children = (
				C93C56BE1C3D088A00599C00 /* Controller */,
				C93C56BF1C3D089600599C00 /* Model */,
				C93C56C11C3D08A900599C00 /* View */,
				C93C56C01C3D08A000599C00 /* ViewModel */,
			);
			path = Home;
			sourceTree = "<group>";
		};
		C93C56BE1C3D088A00599C00 /* Controller */ = {
			isa = PBXGroup;
			children = (
				C93C56C21C3D097000599C00 /* WSPBaseViewController.h */,
				C93C56C31C3D097000599C00 /* WSPBaseViewController.m */,
				C93C56C51C3D098900599C00 /* WSPHomeViewController.h */,
				C93C56C61C3D098900599C00 /* WSPHomeViewController.m */,
				C9464BC71C61905C00ACBC4F /* WSPNewsDetailViewController.h */,
				C9464BC81C61905C00ACBC4F /* WSPNewsDetailViewController.m */,
				C9414B991C585C850091A6C7 /* WSPTableViewController.h */,
				C9414B9A1C585C850091A6C7 /* WSPTableViewController.m */,
			);
			path = Controller;
			sourceTree = "<group>";
		};
		C93C56BF1C3D089600599C00 /* Model */ = {
			isa = PBXGroup;
			children = (
				C9464BCA1C61927600ACBC4F /* WSPDetailModel.h */,
				C9464BCB1C61927600ACBC4F /* WSPDetailModel.m */,
				C93C56C81C3D0A6300599C00 /* WSPHomeModel.h */,
				C93C56C91C3D0A6300599C00 /* WSPHomeModel.m */,
				C96589081C74548500E5184C /* WSPPhotoModel.h */,
				C96589091C74548500E5184C /* WSPPhotoModel.m */,
				C99BC8A81C72F7D20022C12C /* WSPReleatedModel.h */,
				C99BC8A91C72F7D20022C12C /* WSPReleatedModel.m */,
				C99BC8B61C7306890022C12C /* WSPReplyModel.h */,
				C99BC8B71C7306890022C12C /* WSPReplyModel.m */,
			);
			path = Model;
			sourceTree = "<group>";
		};
		C93C56C01C3D08A000599C00 /* ViewModel */ = {
			isa = PBXGroup;
			children = (
				C93C56CB1C3D0A7100599C00 /* WSPHomeViewModel.h */,
				C93C56CC1C3D0A7100599C00 /* WSPHomeViewModel.m */,
				C94C90091CA3BAAC00B3B446 /* WSPDownLoadFontManager.h */,
				C94C900A1CA3BAAC00B3B446 /* WSPDownLoadFontManager.m */,
			);
			path = ViewModel;
			sourceTree = "<group>";
		};
		C93C56C11C3D08A900599C00 /* View */ = {
			isa = PBXGroup;
			children = (
				C99BC8B01C72FFFD0022C12C /* WSPDetailBottomCell.h */,
				C99BC8B11C72FFFD0022C12C /* WSPDetailBottomCell.m */,
				C99BC8AE1C72FF440022C12C /* WSPDetailBottomCell.xib */,
				C93C56CE1C3D0A8D00599C00 /* WSPHomeCell.h */,
				C93C56CF1C3D0A8D00599C00 /* WSPHomeCell.m */,
				C9414B9C1C585D420091A6C7 /* WSPTitleShowLabel.h */,
				C9414B9D1C585D420091A6C7 /* WSPTitleShowLabel.m */,
			);
			path = View;
			sourceTree = "<group>";
		};
		C93C56DF1C3D0E9700599C00 /* YZDisplayViewController */ = {
			isa = PBXGroup;
			children = (
				C93C56E01C3D0E9700599C00 /* UIView+Frame.h */,
				C93C56E11C3D0E9700599C00 /* UIView+Frame.m */,
				C93C56E21C3D0E9700599C00 /* YZDisplayTitleLabel.h */,
				C93C56E31C3D0E9700599C00 /* YZDisplayTitleLabel.m */,
				C93C56E41C3D0E9700599C00 /* YZDisplayViewController.h */,
				C93C56E51C3D0E9700599C00 /* YZDisplayViewController.m */,
				C93C56E61C3D0E9700599C00 /* YZDisplayViewHeader.h */,
				C93C56E71C3D0E9700599C00 /* YZFlowLayout.h */,
				C93C56E81C3D0E9700599C00 /* YZFlowLayout.m */,
			);
			path = YZDisplayViewController;
			sourceTree = "<group>";
		};
		C93C56EE1C3D113200599C00 /* Other */ = {
			isa = PBXGroup;
			children = (
				C93C56861C3D076400599C00 /* AppDelegate.h */,
				C93C56871C3D076400599C00 /* AppDelegate.m */,
				C93C56F01C3D14F800599C00 /* WSPConst.h */,
				C93C56F11C3D14F800599C00 /* WSPConst.m */,
				C9414B8F1C5854940091A6C7 /* WSPMainTabBarController.h */,
				C9414B901C5854940091A6C7 /* WSPMainTabBarController.m */,
				C9414B921C5855700091A6C7 /* WSPNavgationController.h */,
				C9414B931C5855700091A6C7 /* WSPNavgationController.m */,
				C93C56EF1C3D116A00599C00 /* WSPPrefixFile.pch */,
				C93D015E1C7D834E00FF4D08 /* WSPShareView.h */,
				C93D015F1C7D834E00FF4D08 /* WSPShareView.m */,
				A16C0C321D51CA370087754C /* WSPNetWorkTool.h */,
				A16C0C331D51CA370087754C /* WSPNetWorkTool.m */,
			);
			path = Other;
			sourceTree = "<group>";
		};
		C93F897B1C8ECDD2005C1CFB /* WSPPhotoBrower */ = {
			isa = PBXGroup;
			children = (
				C93F897C1C8ECDD2005C1CFB /* WSPPhoto.h */,
				C93F897D1C8ECDD2005C1CFB /* WSPPhoto.m */,
				C93F897E1C8ECDD2005C1CFB /* WSPPhotoBrowerController.h */,
				C93F897F1C8ECDD2005C1CFB /* WSPPhotoBrowerController.m */,
				C93F89801C8ECDD2005C1CFB /* WSPPhotoImageView.h */,
				C93F89811C8ECDD2005C1CFB /* WSPPhotoImageView.m */,
				C93F89821C8ECDD2005C1CFB /* WSPPhotoProtocol.h */,
				C93F89831C8ECDD2005C1CFB /* WSPPhotoView.h */,
				C93F89841C8ECDD2005C1CFB /* WSPPhotoView.m */,
				C93F89851C8ECDD2005C1CFB /* WSPScrollView.h */,
				C93F89861C8ECDD2005C1CFB /* WSPScrollView.m */,
			);
			path = WSPPhotoBrower;
			sourceTree = "<group>";
		};
		C93F89871C8ECDD2005C1CFB /* WSPThemeManager */ = {
			isa = PBXGroup;
			children = (
				C93F898D1C8ECDFF005C1CFB /* WSPThemeManger.h */,
				C93F898E1C8ECDFF005C1CFB /* WSPThemeManger.m */,
			);
			path = WSPThemeManager;
			sourceTree = "<group>";
		};
		C9F56A4C1C8D2DF90009D557 /* PhotoBrower */ = {
			isa = PBXGroup;
			children = (
				C9F56A4D1C8D2DF90009D557 /* Assets */,
				C9F56A701C8D2DF90009D557 /* Classes */,
				C9F56A871C8D2DF90009D557 /* DACircularProgress */,
				C9F56A8C1C8D2DF90009D557 /* MBProgressHUD */,
			);
			path = PhotoBrower;
			sourceTree = "<group>";
		};
		C9F56A4D1C8D2DF90009D557 /* Assets */ = {
			isa = PBXGroup;
			children = (
				C9F56A4E1C8D2DF90009D557 /* .gitkeep */,
				C9F56A4F1C8D2DF90009D557 /* ImageError.png */,
				C9F56A501C8D2DF90009D557 /* ImageError@2x.png */,
				C9F56A511C8D2DF90009D557 /* ImageError@3x.png */,
				C9F56A521C8D2DF90009D557 /* ImageSelectedOff.png */,
				C9F56A531C8D2DF90009D557 /* ImageSelectedOff@2x.png */,
				C9F56A541C8D2DF90009D557 /* ImageSelectedOff@3x.png */,
				C9F56A551C8D2DF90009D557 /* ImageSelectedOn.png */,
				C9F56A561C8D2DF90009D557 /* ImageSelectedOn@2x.png */,
				C9F56A571C8D2DF90009D557 /* ImageSelectedOn@3x.png */,
				C9F56A581C8D2DF90009D557 /* ImageSelectedSmallOff.png */,
				C9F56A591C8D2DF90009D557 /* ImageSelectedSmallOff@2x.png */,
				C9F56A5A1C8D2DF90009D557 /* ImageSelectedSmallOff@3x.png */,
				C9F56A5B1C8D2DF90009D557 /* ImageSelectedSmallOn.png */,
				C9F56A5C1C8D2DF90009D557 /* ImageSelectedSmallOn@2x.png */,
				C9F56A5D1C8D2DF90009D557 /* ImageSelectedSmallOn@3x.png */,
				C9F56A5E1C8D2DF90009D557 /* PlayButtonOverlayLarge.png */,
				C9F56A5F1C8D2DF90009D557 /* PlayButtonOverlayLarge@2x.png */,
				C9F56A601C8D2DF90009D557 /* PlayButtonOverlayLarge@3x.png */,
				C9F56A611C8D2DF90009D557 /* PlayButtonOverlayLargeTap.png */,
				C9F56A621C8D2DF90009D557 /* PlayButtonOverlayLargeTap@2x.png */,
				C9F56A631C8D2DF90009D557 /* PlayButtonOverlayLargeTap@3x.png */,
				C9F56A641C8D2DF90009D557 /* UIBarButtonItemArrowLeft.png */,
				C9F56A651C8D2DF90009D557 /* UIBarButtonItemArrowLeft@2x.png */,
				C9F56A661C8D2DF90009D557 /* UIBarButtonItemArrowLeft@3x.png */,
				C9F56A671C8D2DF90009D557 /* UIBarButtonItemArrowRight.png */,
				C9F56A681C8D2DF90009D557 /* UIBarButtonItemArrowRight@2x.png */,
				C9F56A691C8D2DF90009D557 /* UIBarButtonItemArrowRight@3x.png */,
				C9F56A6A1C8D2DF90009D557 /* UIBarButtonItemGrid.png */,
				C9F56A6B1C8D2DF90009D557 /* UIBarButtonItemGrid@2x.png */,
				C9F56A6C1C8D2DF90009D557 /* UIBarButtonItemGrid@3x.png */,
				C9F56A6D1C8D2DF90009D557 /* VideoOverlay.png */,
				C9F56A6E1C8D2DF90009D557 /* VideoOverlay@2x.png */,
				C9F56A6F1C8D2DF90009D557 /* VideoOverlay@3x.png */,
			);
			path = Assets;
			sourceTree = "<group>";
		};
		C9F56A701C8D2DF90009D557 /* Classes */ = {
			isa = PBXGroup;
			children = (
				C9F56A711C8D2DF90009D557 /* .gitkeep */,
				C9F56A721C8D2DF90009D557 /* MWCaptionView.h */,
				C9F56A731C8D2DF90009D557 /* MWCaptionView.m */,
				C9F56A741C8D2DF90009D557 /* MWCommon.h */,
				C9F56A751C8D2DF90009D557 /* MWGridCell.h */,
				C9F56A761C8D2DF90009D557 /* MWGridCell.m */,
				C9F56A771C8D2DF90009D557 /* MWGridViewController.h */,
				C9F56A781C8D2DF90009D557 /* MWGridViewController.m */,
				C9F56A791C8D2DF90009D557 /* MWPhoto.h */,
				C9F56A7A1C8D2DF90009D557 /* MWPhoto.m */,
				C9F56A7B1C8D2DF90009D557 /* MWPhotoBrowser.h */,
				C9F56A7C1C8D2DF90009D557 /* MWPhotoBrowser.m */,
				C9F56A7D1C8D2DF90009D557 /* MWPhotoBrowserPrivate.h */,
				C9F56A7E1C8D2DF90009D557 /* MWPhotoProtocol.h */,
				C9F56A7F1C8D2DF90009D557 /* MWTapDetectingImageView.h */,
				C9F56A801C8D2DF90009D557 /* MWTapDetectingImageView.m */,
				C9F56A811C8D2DF90009D557 /* MWTapDetectingView.h */,
				C9F56A821C8D2DF90009D557 /* MWTapDetectingView.m */,
				C9F56A831C8D2DF90009D557 /* MWZoomingScrollView.h */,
				C9F56A841C8D2DF90009D557 /* MWZoomingScrollView.m */,
				C9F56A851C8D2DF90009D557 /* UIImage+MWPhotoBrowser.h */,
				C9F56A861C8D2DF90009D557 /* UIImage+MWPhotoBrowser.m */,
			);
			path = Classes;
			sourceTree = "<group>";
		};
		C9F56A871C8D2DF90009D557 /* DACircularProgress */ = {
			isa = PBXGroup;
			children = (
				C9F56A881C8D2DF90009D557 /* DACircularProgressView.h */,
				C9F56A891C8D2DF90009D557 /* DACircularProgressView.m */,
				C9F56A8A1C8D2DF90009D557 /* DALabeledCircularProgressView.h */,
				C9F56A8B1C8D2DF90009D557 /* DALabeledCircularProgressView.m */,
			);
			path = DACircularProgress;
			sourceTree = "<group>";
		};
		C9F56A8C1C8D2DF90009D557 /* MBProgressHUD */ = {
			isa = PBXGroup;
			children = (
				C9F56A8D1C8D2DF90009D557 /* LICENSE */,
				C9F56A8E1C8D2DF90009D557 /* MBProgressHUD.h */,
				C9F56A8F1C8D2DF90009D557 /* MBProgressHUD.m */,
				C9F56A901C8D2DF90009D557 /* README.mdown */,
			);
			path = MBProgressHUD;
			sourceTree = "<group>";
		};
/* End PBXGroup section */

/* Begin PBXNativeTarget section */
		C93C567F1C3D076400599C00 /* WSPNews */ = {
			isa = PBXNativeTarget;
			buildConfigurationList = C93C56AD1C3D076400599C00 /* Build configuration list for PBXNativeTarget "WSPNews" */;
			buildPhases = (
				182D4CDB081A24EB437EAAEB /* [CP] Check Pods Manifest.lock */,
				C93C567C1C3D076400599C00 /* Sources */,
				C93C567D1C3D076400599C00 /* Frameworks */,
				C93C567E1C3D076400599C00 /* Resources */,
				608DFFEA08DBDC84B07FE326 /* [CP] Embed Pods Frameworks */,
				5F453F3F18D0AA519D820417 /* [CP] Copy Pods Resources */,
			);
			buildRules = (
			);
			dependencies = (
			);
			name = WSPNews;
			productName = WSPNews;
			productReference = C93C56801C3D076400599C00 /* WSPNews.app */;
			productType = "com.apple.product-type.application";
		};
		C93C56981C3D076400599C00 /* WSPNewsTests */ = {
			isa = PBXNativeTarget;
			buildConfigurationList = C93C56B01C3D076400599C00 /* Build configuration list for PBXNativeTarget "WSPNewsTests" */;
			buildPhases = (
				C93C56951C3D076400599C00 /* Sources */,
				C93C56961C3D076400599C00 /* Frameworks */,
				C93C56971C3D076400599C00 /* Resources */,
			);
			buildRules = (
			);
			dependencies = (
				C93C569B1C3D076400599C00 /* PBXTargetDependency */,
			);
			name = WSPNewsTests;
			productName = WSPNewsTests;
			productReference = C93C56991C3D076400599C00 /* WSPNewsTests.xctest */;
			productType = "com.apple.product-type.bundle.unit-test";
		};
		C93C56A31C3D076400599C00 /* WSPNewsUITests */ = {
			isa = PBXNativeTarget;
			buildConfigurationList = C93C56B31C3D076400599C00 /* Build configuration list for PBXNativeTarget "WSPNewsUITests" */;
			buildPhases = (
				C93C56A01C3D076400599C00 /* Sources */,
				C93C56A11C3D076400599C00 /* Frameworks */,
				C93C56A21C3D076400599C00 /* Resources */,
			);
			buildRules = (
			);
			dependencies = (
				C93C56A61C3D076400599C00 /* PBXTargetDependency */,
			);
			name = WSPNewsUITests;
			productName = WSPNewsUITests;
			productReference = C93C56A41C3D076400599C00 /* WSPNewsUITests.xctest */;
			productType = "com.apple.product-type.bundle.ui-testing";
		};
/* End PBXNativeTarget section */

/* Begin PBXProject section */
		C93C56781C3D076400599C00 /* Project object */ = {
			isa = PBXProject;
			attributes = {
				CLASSPREFIX = WSP;
				LastUpgradeCheck = 0720;
				ORGANIZATIONNAME = auto;
				TargetAttributes = {
					C93C567F1C3D076400599C00 = {
						CreatedOnToolsVersion = 7.2;
					};
					C93C56981C3D076400599C00 = {
						CreatedOnToolsVersion = 7.2;
						TestTargetID = C93C567F1C3D076400599C00;
					};
					C93C56A31C3D076400599C00 = {
						CreatedOnToolsVersion = 7.2;
						TestTargetID = C93C567F1C3D076400599C00;
					};
				};
			};
			buildConfigurationList = C93C567B1C3D076400599C00 /* Build configuration list for PBXProject "WSPNews" */;
			compatibilityVersion = "Xcode 3.2";
			developmentRegion = English;
			hasScannedForEncodings = 0;
			knownRegions = (
				en,
				Base,
			);
			mainGroup = C93C56771C3D076400599C00;
			productRefGroup = C93C56811C3D076400599C00 /* Products */;
			projectDirPath = "";
			projectRoot = "";
			targets = (
				C93C567F1C3D076400599C00 /* WSPNews */,
				C93C56981C3D076400599C00 /* WSPNewsTests */,
				C93C56A31C3D076400599C00 /* WSPNewsUITests */,
			);
		};
/* End PBXProject section */

/* Begin PBXResourcesBuildPhase section */
		C93C567E1C3D076400599C00 /* Resources */ = {
			isa = PBXResourcesBuildPhase;
			buildActionMask = 2147483647;
			files = (
				A1F5B6B31D0CF8DD00515151 /* .gitkeep in Resources */,
				C9F56ABF1C8D2DF90009D557 /* LICENSE in Resources */,
				C9F56AA31C8D2DF90009D557 /* PlayButtonOverlayLarge@3x.png in Resources */,
				C93C56931C3D076400599C00 /* LaunchScreen.storyboard in Resources */,
				C965C4811C92585300007AF9 /* placeHolder_1_640 360.png in Resources */,
				C97BEA631C916EB10026E89D /* jquery-1.12.1.min.js in Resources */,
				C93C56901C3D076400599C00 /* Assets.xcassets in Resources */,
				C9F56AA71C8D2DF90009D557 /* UIBarButtonItemArrowLeft.png in Resources */,
				C93C568E1C3D076400599C00 /* Main.storyboard in Resources */,
				C9F56A931C8D2DF90009D557 /* ImageError@2x.png in Resources */,
				C9F56AAF1C8D2DF90009D557 /* UIBarButtonItemGrid@3x.png in Resources */,
				C9F56AAD1C8D2DF90009D557 /* UIBarButtonItemGrid.png in Resources */,
				C9F56AA11C8D2DF90009D557 /* PlayButtonOverlayLarge.png in Resources */,
				C9F56AA51C8D2DF90009D557 /* PlayButtonOverlayLargeTap@2x.png in Resources */,
				C9F56AAA1C8D2DF90009D557 /* UIBarButtonItemArrowRight.png in Resources */,
				C9F56AA81C8D2DF90009D557 /* UIBarButtonItemArrowLeft@2x.png in Resources */,
				C9F56AAE1C8D2DF90009D557 /* UIBarButtonItemGrid@2x.png in Resources */,
				C9464BD11C619F2800ACBC4F /* WSPNews.css in Resources */,
				C9F56AA21C8D2DF90009D557 /* PlayButtonOverlayLarge@2x.png in Resources */,
				C9F56AAC1C8D2DF90009D557 /* UIBarButtonItemArrowRight@3x.png in Resources */,
				C9F56AA01C8D2DF90009D557 /* ImageSelectedSmallOn@3x.png in Resources */,
				C9F56AA61C8D2DF90009D557 /* PlayButtonOverlayLargeTap@3x.png in Resources */,
				C9F56A9A1C8D2DF90009D557 /* ImageSelectedOn@3x.png in Resources */,
				C9F56A981C8D2DF90009D557 /* ImageSelectedOn.png in Resources */,
				C9F56A921C8D2DF90009D557 /* ImageError.png in Resources */,
				C9F56A9E1C8D2DF90009D557 /* ImageSelectedSmallOn.png in Resources */,
				C9F56AA91C8D2DF90009D557 /* UIBarButtonItemArrowLeft@3x.png in Resources */,
				C9F56AA41C8D2DF90009D557 /* PlayButtonOverlayLargeTap.png in Resources */,
				C9F56AB01C8D2DF90009D557 /* VideoOverlay.png in Resources */,
				C9F56A941C8D2DF90009D557 /* ImageError@3x.png in Resources */,
				C9414B961C5859CE0091A6C7 /* NewsUrl.plist in Resources */,
				C9F56A9C1C8D2DF90009D557 /* ImageSelectedSmallOff@2x.png in Resources */,
				C9F56A961C8D2DF90009D557 /* ImageSelectedOff@2x.png in Resources */,
				C9414B981C585C280091A6C7 /* WSPNews.storyboard in Resources */,
				C9F56A9B1C8D2DF90009D557 /* ImageSelectedSmallOff.png in Resources */,
				C9F56A9D1C8D2DF90009D557 /* ImageSelectedSmallOff@3x.png in Resources */,
				C9F56A9F1C8D2DF90009D557 /* ImageSelectedSmallOn@2x.png in Resources */,
				C9F56AB11C8D2DF90009D557 /* VideoOverlay@2x.png in Resources */,
				C9F56A971C8D2DF90009D557 /* ImageSelectedOff@3x.png in Resources */,
				C9F56A991C8D2DF90009D557 /* ImageSelectedOn@2x.png in Resources */,
				C9F56AAB1C8D2DF90009D557 /* UIBarButtonItemArrowRight@2x.png in Resources */,
				C97BEA641C916EB10026E89D /* jquery.lazyload.min.js in Resources */,
				C99BC8AF1C72FF440022C12C /* WSPDetailBottomCell.xib in Resources */,
				C9F56AB21C8D2DF90009D557 /* VideoOverlay@3x.png in Resources */,
				C9F56A951C8D2DF90009D557 /* ImageSelectedOff.png in Resources */,
			);
			runOnlyForDeploymentPostprocessing = 0;
		};
		C93C56971C3D076400599C00 /* Resources */ = {
			isa = PBXResourcesBuildPhase;
			buildActionMask = 2147483647;
			files = (
			);
			runOnlyForDeploymentPostprocessing = 0;
		};
		C93C56A21C3D076400599C00 /* Resources */ = {
			isa = PBXResourcesBuildPhase;
			buildActionMask = 2147483647;
			files = (
			);
			runOnlyForDeploymentPostprocessing = 0;
		};
/* End PBXResourcesBuildPhase section */

/* Begin PBXShellScriptBuildPhase section */
		182D4CDB081A24EB437EAAEB /* [CP] Check Pods Manifest.lock */ = {
			isa = PBXShellScriptBuildPhase;
			buildActionMask = 2147483647;
			files = (
			);
			inputPaths = (
			);
			name = "[CP] Check Pods Manifest.lock";
			outputPaths = (
			);
			runOnlyForDeploymentPostprocessing = 0;
			shellPath = /bin/sh;
			shellScript = "diff \"${PODS_ROOT}/../Podfile.lock\" \"${PODS_ROOT}/Manifest.lock\" > /dev/null\nif [[ $? != 0 ]] ; then\n    cat << EOM\nerror: The sandbox is not in sync with the Podfile.lock. Run 'pod install' or update your CocoaPods installation.\nEOM\n    exit 1\nfi\n";
			showEnvVarsInLog = 0;
		};
		5F453F3F18D0AA519D820417 /* [CP] Copy Pods Resources */ = {
			isa = PBXShellScriptBuildPhase;
			buildActionMask = 2147483647;
			files = (
			);
			inputPaths = (
			);
			name = "[CP] Copy Pods Resources";
			outputPaths = (
			);
			runOnlyForDeploymentPostprocessing = 0;
			shellPath = /bin/sh;
			shellScript = "\"${SRCROOT}/Pods/Target Support Files/Pods-WSPNews/Pods-WSPNews-resources.sh\"\n";
			showEnvVarsInLog = 0;
		};
		608DFFEA08DBDC84B07FE326 /* [CP] Embed Pods Frameworks */ = {
			isa = PBXShellScriptBuildPhase;
			buildActionMask = 2147483647;
			files = (
			);
			inputPaths = (
			);
			name = "[CP] Embed Pods Frameworks";
			outputPaths = (
			);
			runOnlyForDeploymentPostprocessing = 0;
			shellPath = /bin/sh;
			shellScript = "\"${SRCROOT}/Pods/Target Support Files/Pods-WSPNews/Pods-WSPNews-frameworks.sh\"\n";
			showEnvVarsInLog = 0;
		};
/* End PBXShellScriptBuildPhase section */

/* Begin PBXSourcesBuildPhase section */
		C93C567C1C3D076400599C00 /* Sources */ = {
			isa = PBXSourcesBuildPhase;
			buildActionMask = 2147483647;
			files = (
				C9F56AB81C8D2DF90009D557 /* MWPhotoBrowser.m in Sources */,
				C99BC8B81C7306890022C12C /* WSPReplyModel.m in Sources */,
				C9F56AB91C8D2DF90009D557 /* MWTapDetectingImageView.m in Sources */,
				C93D01661C7D84C000FF4D08 /* UIView+BlocksKit.m in Sources */,
				C9F56AC01C8D2DF90009D557 /* MBProgressHUD.m in Sources */,
				C94C900B1CA3BAAC00B3B446 /* WSPDownLoadFontManager.m in Sources */,
				C93F89891C8ECDD2005C1CFB /* WSPPhotoBrowerController.m in Sources */,
				C93C56E91C3D0E9700599C00 /* UIView+Frame.m in Sources */,
				C9414B9E1C585D420091A6C7 /* WSPTitleShowLabel.m in Sources */,
				C93C56CD1C3D0A7100599C00 /* WSPHomeViewModel.m in Sources */,
				C99BC8AD1C72FE4B0022C12C /* UIView+WSPFrame.m in Sources */,
				C9464BC91C61905C00ACBC4F /* WSPNewsDetailViewController.m in Sources */,
				C93C56C71C3D098900599C00 /* WSPHomeViewController.m in Sources */,
				C9F56AB51C8D2DF90009D557 /* MWGridCell.m in Sources */,
				C9F56ABB1C8D2DF90009D557 /* MWZoomingScrollView.m in Sources */,
				A16C0C341D51CA370087754C /* WSPNetWorkTool.m in Sources */,
				C9F56ABC1C8D2DF90009D557 /* UIImage+MWPhotoBrowser.m in Sources */,
				C93C56C41C3D097000599C00 /* WSPBaseViewController.m in Sources */,
				C9F56ABE1C8D2DF90009D557 /* DALabeledCircularProgressView.m in Sources */,
				C9414B9B1C585C850091A6C7 /* WSPTableViewController.m in Sources */,
				C93C56EB1C3D0E9700599C00 /* YZDisplayViewController.m in Sources */,
				C93C56EC1C3D0E9700599C00 /* YZFlowLayout.m in Sources */,
				C93C56881C3D076400599C00 /* AppDelegate.m in Sources */,
				C93D01601C7D834E00FF4D08 /* WSPShareView.m in Sources */,
				C9F56AB61C8D2DF90009D557 /* MWGridViewController.m in Sources */,
				C9414B941C5855700091A6C7 /* WSPNavgationController.m in Sources */,
				C965890A1C74548500E5184C /* WSPPhotoModel.m in Sources */,
				C93C56F51C3D16E300599C00 /* WSPUrlArgumentsFilter.m in Sources */,
				C9464BCC1C61927600ACBC4F /* WSPDetailModel.m in Sources */,
				C93D01691C7D854700FF4D08 /* UIGestureRecognizer+BlocksKit.m in Sources */,
				C93C56D01C3D0A8D00599C00 /* WSPHomeCell.m in Sources */,
				C93F898F1C8ECDFF005C1CFB /* WSPThemeManger.m in Sources */,
				C93C56851C3D076400599C00 /* main.m in Sources */,
				C99BC8B21C72FFFD0022C12C /* WSPDetailBottomCell.m in Sources */,
				C93C56EA1C3D0E9700599C00 /* YZDisplayTitleLabel.m in Sources */,
				C99BC8AA1C72F7D20022C12C /* WSPReleatedModel.m in Sources */,
				C93F898A1C8ECDD2005C1CFB /* WSPPhotoImageView.m in Sources */,
				C93C56F21C3D14F800599C00 /* WSPConst.m in Sources */,
				C93F898C1C8ECDD2005C1CFB /* WSPScrollView.m in Sources */,
				C9414B911C5854940091A6C7 /* WSPMainTabBarController.m in Sources */,
				C93F89881C8ECDD2005C1CFB /* WSPPhoto.m in Sources */,
				C93D01651C7D84C000FF4D08 /* UIColor+expanded.m in Sources */,
				C93C56CA1C3D0A6300599C00 /* WSPHomeModel.m in Sources */,
				C9F56AB41C8D2DF90009D557 /* MWCaptionView.m in Sources */,
				C9F56ABA1C8D2DF90009D557 /* MWTapDetectingView.m in Sources */,
				C9F56ABD1C8D2DF90009D557 /* DACircularProgressView.m in Sources */,
				C9F56AB71C8D2DF90009D557 /* MWPhoto.m in Sources */,
				C93F898B1C8ECDD2005C1CFB /* WSPPhotoView.m in Sources */,
			);
			runOnlyForDeploymentPostprocessing = 0;
		};
		C93C56951C3D076400599C00 /* Sources */ = {
			isa = PBXSourcesBuildPhase;
			buildActionMask = 2147483647;
			files = (
				C93C569E1C3D076400599C00 /* WSPNewsTests.m in Sources */,
			);
			runOnlyForDeploymentPostprocessing = 0;
		};
		C93C56A01C3D076400599C00 /* Sources */ = {
			isa = PBXSourcesBuildPhase;
			buildActionMask = 2147483647;
			files = (
				C93C56A91C3D076400599C00 /* WSPNewsUITests.m in Sources */,
			);
			runOnlyForDeploymentPostprocessing = 0;
		};
/* End PBXSourcesBuildPhase section */

/* Begin PBXTargetDependency section */
		C93C569B1C3D076400599C00 /* PBXTargetDependency */ = {
			isa = PBXTargetDependency;
			target = C93C567F1C3D076400599C00 /* WSPNews */;
			targetProxy = C93C569A1C3D076400599C00 /* PBXContainerItemProxy */;
		};
		C93C56A61C3D076400599C00 /* PBXTargetDependency */ = {
			isa = PBXTargetDependency;
			target = C93C567F1C3D076400599C00 /* WSPNews */;
			targetProxy = C93C56A51C3D076400599C00 /* PBXContainerItemProxy */;
		};
/* End PBXTargetDependency section */

/* Begin PBXVariantGroup section */
		C93C568C1C3D076400599C00 /* Main.storyboard */ = {
			isa = PBXVariantGroup;
			children = (
				C93C568D1C3D076400599C00 /* Base */,
			);
			name = Main.storyboard;
			path = .;
			sourceTree = "<group>";
		};
		C93C56911C3D076400599C00 /* LaunchScreen.storyboard */ = {
			isa = PBXVariantGroup;
			children = (
				C93C56921C3D076400599C00 /* Base */,
			);
			name = LaunchScreen.storyboard;
			path = .;
			sourceTree = "<group>";
		};
/* End PBXVariantGroup section */

/* Begin XCBuildConfiguration section */
		C93C56AB1C3D076400599C00 /* Debug */ = {
			isa = XCBuildConfiguration;
			buildSettings = {
				ALWAYS_SEARCH_USER_PATHS = NO;
				CLANG_CXX_LANGUAGE_STANDARD = "gnu++0x";
				CLANG_CXX_LIBRARY = "libc++";
				CLANG_ENABLE_MODULES = YES;
				CLANG_ENABLE_OBJC_ARC = YES;
				CLANG_WARN_BOOL_CONVERSION = YES;
				CLANG_WARN_CONSTANT_CONVERSION = YES;
				CLANG_WARN_DIRECT_OBJC_ISA_USAGE = YES_ERROR;
				CLANG_WARN_EMPTY_BODY = YES;
				CLANG_WARN_ENUM_CONVERSION = YES;
				CLANG_WARN_INT_CONVERSION = YES;
				CLANG_WARN_OBJC_ROOT_CLASS = YES_ERROR;
				CLANG_WARN_UNREACHABLE_CODE = YES;
				CLANG_WARN__DUPLICATE_METHOD_MATCH = YES;
				"CODE_SIGN_IDENTITY[sdk=iphoneos*]" = "iPhone Developer";
				COPY_PHASE_STRIP = NO;
				DEBUG_INFORMATION_FORMAT = dwarf;
				ENABLE_STRICT_OBJC_MSGSEND = YES;
				ENABLE_TESTABILITY = YES;
				GCC_C_LANGUAGE_STANDARD = gnu99;
				GCC_DYNAMIC_NO_PIC = NO;
				GCC_NO_COMMON_BLOCKS = YES;
				GCC_OPTIMIZATION_LEVEL = 0;
				GCC_PREPROCESSOR_DEFINITIONS = (
					"DEBUG=1",
					"$(inherited)",
				);
				GCC_WARN_64_TO_32_BIT_CONVERSION = YES;
				GCC_WARN_ABOUT_RETURN_TYPE = YES_ERROR;
				GCC_WARN_UNDECLARED_SELECTOR = YES;
				GCC_WARN_UNINITIALIZED_AUTOS = YES_AGGRESSIVE;
				GCC_WARN_UNUSED_FUNCTION = YES;
				GCC_WARN_UNUSED_VARIABLE = YES;
				IPHONEOS_DEPLOYMENT_TARGET = 9.2;
				MTL_ENABLE_DEBUG_INFO = YES;
				ONLY_ACTIVE_ARCH = YES;
				SDKROOT = iphoneos;
			};
			name = Debug;
		};
		C93C56AC1C3D076400599C00 /* Release */ = {
			isa = XCBuildConfiguration;
			buildSettings = {
				ALWAYS_SEARCH_USER_PATHS = NO;
				CLANG_CXX_LANGUAGE_STANDARD = "gnu++0x";
				CLANG_CXX_LIBRARY = "libc++";
				CLANG_ENABLE_MODULES = YES;
				CLANG_ENABLE_OBJC_ARC = YES;
				CLANG_WARN_BOOL_CONVERSION = YES;
				CLANG_WARN_CONSTANT_CONVERSION = YES;
				CLANG_WARN_DIRECT_OBJC_ISA_USAGE = YES_ERROR;
				CLANG_WARN_EMPTY_BODY = YES;
				CLANG_WARN_ENUM_CONVERSION = YES;
				CLANG_WARN_INT_CONVERSION = YES;
				CLANG_WARN_OBJC_ROOT_CLASS = YES_ERROR;
				CLANG_WARN_UNREACHABLE_CODE = YES;
				CLANG_WARN__DUPLICATE_METHOD_MATCH = YES;
				"CODE_SIGN_IDENTITY[sdk=iphoneos*]" = "iPhone Developer";
				COPY_PHASE_STRIP = NO;
				DEBUG_INFORMATION_FORMAT = "dwarf-with-dsym";
				ENABLE_NS_ASSERTIONS = NO;
				ENABLE_STRICT_OBJC_MSGSEND = YES;
				GCC_C_LANGUAGE_STANDARD = gnu99;
				GCC_NO_COMMON_BLOCKS = YES;
				GCC_WARN_64_TO_32_BIT_CONVERSION = YES;
				GCC_WARN_ABOUT_RETURN_TYPE = YES_ERROR;
				GCC_WARN_UNDECLARED_SELECTOR = YES;
				GCC_WARN_UNINITIALIZED_AUTOS = YES_AGGRESSIVE;
				GCC_WARN_UNUSED_FUNCTION = YES;
				GCC_WARN_UNUSED_VARIABLE = YES;
				IPHONEOS_DEPLOYMENT_TARGET = 9.2;
				MTL_ENABLE_DEBUG_INFO = NO;
				SDKROOT = iphoneos;
				VALIDATE_PRODUCT = YES;
			};
			name = Release;
		};
		C93C56AE1C3D076400599C00 /* Debug */ = {
			isa = XCBuildConfiguration;
			baseConfigurationReference = A7CFB319F0D437C7F63D3867 /* Pods-WSPNews.debug.xcconfig */;
			buildSettings = {
				ALWAYS_SEARCH_USER_PATHS = YES;
				ASSETCATALOG_COMPILER_APPICON_NAME = AppIcon;
				ENABLE_BITCODE = NO;
				GCC_INCREASE_PRECOMPILED_HEADER_SHARING = YES;
				GCC_PREFIX_HEADER = WSPNews/Classes/Main/Other/WSPPrefixFile.pch;
				INFOPLIST_FILE = WSPNews/Info.plist;
				IPHONEOS_DEPLOYMENT_TARGET = 7.1;
				LD_RUNPATH_SEARCH_PATHS = "$(inherited)";
				LIBRARY_SEARCH_PATHS = (
					"\"$PODS_CONFIGURATION_BUILD_DIR/AFNetworking\"",
					"\"$PODS_CONFIGURATION_BUILD_DIR/AFDownloadRequestOperation\"",
					"\"$PODS_CONFIGURATION_BUILD_DIR/MJExtension\"",
					"\"$PODS_CONFIGURATION_BUILD_DIR/JTSImageViewController\"",
					"\"$PODS_CONFIGURATION_BUILD_DIR/MJRefresh\"",
					"\"$PODS_CONFIGURATION_BUILD_DIR/Masonry\"",
					"\"$PODS_CONFIGURATION_BUILD_DIR/SDCycleScrollView\"",
					"\"$PODS_CONFIGURATION_BUILD_DIR/SDWebImage\"",
					"\"$PODS_CONFIGURATION_BUILD_DIR/SSZipArchive\"",
					"\"$PODS_CONFIGURATION_BUILD_DIR/SDWebImage\"",
				);
				OTHER_LDFLAGS = (
					"$(inherited)",
					"-ObjC",
					"-l\"AFNetworking\"",
					"-l\"JTSImageViewController\"",
					"-l\"MJExtension\"",
					"-l\"MJRefresh\"",
					"-l\"Masonry\"",
					"-l\"SDCycleScrollView\"",
					"-l\"SDWebImage\"",
					"-l\"SSZipArchive\"",
					"-l\"z\"",
					"-framework",
					"\"Accelerate\"",
					"-framework",
					"\"CoreGraphics\"",
					"-framework",
					"\"Foundation\"",
					"-framework",
					"\"ImageIO\"",
					"-framework",
					"\"MobileCoreServices\"",
					"-framework",
					"\"Security\"",
					"-framework",
					"\"SystemConfiguration\"",
					"-framework",
					"\"UIKit\"",
					"-w",
				);
				PRODUCT_BUNDLE_IDENTIFIER = com.ifeng.wspNews.WSPNews;
				PRODUCT_NAME = "$(TARGET_NAME)";
				USER_HEADER_SEARCH_PATHS = "$(SRCROOT)/**";
			};
			name = Debug;
		};
		C93C56AF1C3D076400599C00 /* Release */ = {
			isa = XCBuildConfiguration;
			baseConfigurationReference = 063F04E6A60EB51877A59CDC /* Pods-WSPNews.release.xcconfig */;
			buildSettings = {
				ALWAYS_SEARCH_USER_PATHS = YES;
				ASSETCATALOG_COMPILER_APPICON_NAME = AppIcon;
				ENABLE_BITCODE = NO;
				GCC_INCREASE_PRECOMPILED_HEADER_SHARING = YES;
				GCC_PREFIX_HEADER = WSPNews/Classes/Main/Other/WSPPrefixFile.pch;
				INFOPLIST_FILE = WSPNews/Info.plist;
				IPHONEOS_DEPLOYMENT_TARGET = 7.1;
				LD_RUNPATH_SEARCH_PATHS = "$(inherited)";
				LIBRARY_SEARCH_PATHS = "";
				OTHER_LDFLAGS = (
					"$(inherited)",
					"-ObjC",
					"-l\"AFNetworking\"",
					"-l\"JTSImageViewController\"",
					"-l\"MJExtension\"",
					"-l\"MJRefresh\"",
					"-l\"Masonry\"",
					"-l\"SDCycleScrollView\"",
					"-l\"SDWebImage\"",
					"-l\"SSZipArchive\"",
					"-l\"z\"",
					"-framework",
					"\"Accelerate\"",
					"-framework",
					"\"CoreGraphics\"",
					"-framework",
					"\"Foundation\"",
					"-framework",
					"\"ImageIO\"",
					"-framework",
					"\"MobileCoreServices\"",
					"-framework",
					"\"Security\"",
					"-framework",
					"\"SystemConfiguration\"",
					"-framework",
					"\"UIKit\"",
					"-w",
				);
				PRODUCT_BUNDLE_IDENTIFIER = com.ifeng.wspNews.WSPNews;
				PRODUCT_NAME = "$(TARGET_NAME)";
				USER_HEADER_SEARCH_PATHS = "$(SRCROOT)/**";
			};
			name = Release;
		};
		C93C56B11C3D076400599C00 /* Debug */ = {
			isa = XCBuildConfiguration;
			buildSettings = {
				BUNDLE_LOADER = "$(TEST_HOST)";
				INFOPLIST_FILE = WSPNewsTests/Info.plist;
				LD_RUNPATH_SEARCH_PATHS = "$(inherited) @executable_path/Frameworks @loader_path/Frameworks";
				PRODUCT_BUNDLE_IDENTIFIER = com.ifeng.wspNews.WSPNewsTests;
				PRODUCT_NAME = "$(TARGET_NAME)";
				TEST_HOST = "$(BUILT_PRODUCTS_DIR)/WSPNews.app/WSPNews";
			};
			name = Debug;
		};
		C93C56B21C3D076400599C00 /* Release */ = {
			isa = XCBuildConfiguration;
			buildSettings = {
				BUNDLE_LOADER = "$(TEST_HOST)";
				INFOPLIST_FILE = WSPNewsTests/Info.plist;
				LD_RUNPATH_SEARCH_PATHS = "$(inherited) @executable_path/Frameworks @loader_path/Frameworks";
				PRODUCT_BUNDLE_IDENTIFIER = com.ifeng.wspNews.WSPNewsTests;
				PRODUCT_NAME = "$(TARGET_NAME)";
				TEST_HOST = "$(BUILT_PRODUCTS_DIR)/WSPNews.app/WSPNews";
			};
			name = Release;
		};
		C93C56B41C3D076400599C00 /* Debug */ = {
			isa = XCBuildConfiguration;
			buildSettings = {
				INFOPLIST_FILE = WSPNewsUITests/Info.plist;
				LD_RUNPATH_SEARCH_PATHS = "$(inherited) @executable_path/Frameworks @loader_path/Frameworks";
				PRODUCT_BUNDLE_IDENTIFIER = com.ifeng.wspNews.WSPNewsUITests;
				PRODUCT_NAME = "$(TARGET_NAME)";
				TEST_TARGET_NAME = WSPNews;
				USES_XCTRUNNER = YES;
			};
			name = Debug;
		};
		C93C56B51C3D076400599C00 /* Release */ = {
			isa = XCBuildConfiguration;
			buildSettings = {
				INFOPLIST_FILE = WSPNewsUITests/Info.plist;
				LD_RUNPATH_SEARCH_PATHS = "$(inherited) @executable_path/Frameworks @loader_path/Frameworks";
				PRODUCT_BUNDLE_IDENTIFIER = com.ifeng.wspNews.WSPNewsUITests;
				PRODUCT_NAME = "$(TARGET_NAME)";
				TEST_TARGET_NAME = WSPNews;
				USES_XCTRUNNER = YES;
			};
			name = Release;
		};
/* End XCBuildConfiguration section */

/* Begin XCConfigurationList section */
		C93C567B1C3D076400599C00 /* Build configuration list for PBXProject "WSPNews" */ = {
			isa = XCConfigurationList;
			buildConfigurations = (
				C93C56AB1C3D076400599C00 /* Debug */,
				C93C56AC1C3D076400599C00 /* Release */,
			);
			defaultConfigurationIsVisible = 0;
			defaultConfigurationName = Release;
		};
		C93C56AD1C3D076400599C00 /* Build configuration list for PBXNativeTarget "WSPNews" */ = {
			isa = XCConfigurationList;
			buildConfigurations = (
				C93C56AE1C3D076400599C00 /* Debug */,
				C93C56AF1C3D076400599C00 /* Release */,
			);
			defaultConfigurationIsVisible = 0;
			defaultConfigurationName = Release;
		};
		C93C56B01C3D076400599C00 /* Build configuration list for PBXNativeTarget "WSPNewsTests" */ = {
			isa = XCConfigurationList;
			buildConfigurations = (
				C93C56B11C3D076400599C00 /* Debug */,
				C93C56B21C3D076400599C00 /* Release */,
			);
			defaultConfigurationIsVisible = 0;
			defaultConfigurationName = Release;
		};
		C93C56B31C3D076400599C00 /* Build configuration list for PBXNativeTarget "WSPNewsUITests" */ = {
			isa = XCConfigurationList;
			buildConfigurations = (
				C93C56B41C3D076400599C00 /* Debug */,
				C93C56B51C3D076400599C00 /* Release */,
			);
			defaultConfigurationIsVisible = 0;
			defaultConfigurationName = Release;
		};
/* End XCConfigurationList section */
	};
	rootObject = C93C56781C3D076400599C00 /* Project object */;
}
